// !$*UTF8*$!
{
	archiveVersion = 1;
	classes = {
	};
	objectVersion = 46;
	objects = {

/* Begin PBXBuildFile section */
		01D57A441C524FA9008E4EB5 /* Boilerdata.h in Headers */ = {isa = PBXBuildFile; fileRef = 01D57A431C524FA9008E4EB5 /* Boilerdata.h */; settings = {ATTRIBUTES = (Public, ); }; };
		01D57A4B1C524FA9008E4EB5 /* Boilerdata.framework in Frameworks */ = {isa = PBXBuildFile; fileRef = 01D57A411C524FA9008E4EB5 /* Boilerdata.framework */; };
		01D57A501C524FA9008E4EB5 /* BoilerdataTests.m in Sources */ = {isa = PBXBuildFile; fileRef = 01D57A4F1C524FA9008E4EB5 /* BoilerdataTests.m */; };
		01D57A581C524FD9008E4EB5 /* BLDataSection.m in Sources */ = {isa = PBXBuildFile; fileRef = 01DC72E21C3F097700D03CA2 /* BLDataSection.m */; };
		01D57A591C524FD9008E4EB5 /* BLMutableDataDiff.m in Sources */ = {isa = PBXBuildFile; fileRef = 01DC72DC1C3F097700D03CA2 /* BLMutableDataDiff.m */; };
		01D57A5A1C524FD9008E4EB5 /* BLMutableDataDiffChange.m in Sources */ = {isa = PBXBuildFile; fileRef = 01DC72DE1C3F097700D03CA2 /* BLMutableDataDiffChange.m */; };
		01D57A5B1C524FD9008E4EB5 /* BLDataDiffCalculator.m in Sources */ = {isa = PBXBuildFile; fileRef = 01DC72D91C3F097700D03CA2 /* BLDataDiffCalculator.m */; };
		01D57A5C1C524FD9008E4EB5 /* BLNilDataEventProcessor.m in Sources */ = {isa = PBXBuildFile; fileRef = 01DC72F21C3F097700D03CA2 /* BLNilDataEventProcessor.m */; };
		01D57A5D1C524FD9008E4EB5 /* BLChainDataEventProcessor.m in Sources */ = {isa = PBXBuildFile; fileRef = 01DC72F01C3F097700D03CA2 /* BLChainDataEventProcessor.m */; };
		01D57A5E1C524FD9008E4EB5 /* BLStaticDataProviderProxy.m in Sources */ = {isa = PBXBuildFile; fileRef = 01DC72ED1C3F097700D03CA2 /* BLStaticDataProviderProxy.m */; };
		01D57A5F1C524FD9008E4EB5 /* BLAbstractDataProvider.m in Sources */ = {isa = PBXBuildFile; fileRef = 01DC72E71C3F097700D03CA2 /* BLAbstractDataProvider.m */; };
		01D57A601C524FD9008E4EB5 /* BLAbstractDataProvider+Subclassing.m in Sources */ = {isa = PBXBuildFile; fileRef = 01A356D81C48FC10009969A3 /* BLAbstractDataProvider+Subclassing.m */; };
		01D57A611C524FD9008E4EB5 /* BLChainDataProvider.m in Sources */ = {isa = PBXBuildFile; fileRef = 01DC72EA1C3F097700D03CA2 /* BLChainDataProvider.m */; };
		01D57A621C524FD9008E4EB5 /* BLArrayDataProvider.m in Sources */ = {isa = PBXBuildFile; fileRef = 01DC72F51C3F097700D03CA2 /* BLArrayDataProvider.m */; };
		01D57A631C524FD9008E4EB5 /* BLStaticArrayDataProvider.m in Sources */ = {isa = PBXBuildFile; fileRef = 01DC72F71C3F097700D03CA2 /* BLStaticArrayDataProvider.m */; };
		01D57A641C524FD9008E4EB5 /* BLFilterDataProvider.m in Sources */ = {isa = PBXBuildFile; fileRef = 01DC73011C3F097700D03CA2 /* BLFilterDataProvider.m */; };
		01D57A651C524FD9008E4EB5 /* BLStaticFilterDataProvider.m in Sources */ = {isa = PBXBuildFile; fileRef = 01DC73031C3F097700D03CA2 /* BLStaticFilterDataProvider.m */; };
		01D57A661C524FD9008E4EB5 /* BLDataItemFilter.m in Sources */ = {isa = PBXBuildFile; fileRef = 01DC72FF1C3F097700D03CA2 /* BLDataItemFilter.m */; };
		01D57A671C524FD9008E4EB5 /* BLDataEvent.m in Sources */ = {isa = PBXBuildFile; fileRef = 01DC72F91C3F097700D03CA2 /* BLDataEvent.m */; };
		01D57A681C524FD9008E4EB5 /* BLUtils.m in Sources */ = {isa = PBXBuildFile; fileRef = 01DC73061C3F097700D03CA2 /* BLUtils.m */; };
		01D57A691C524FD9008E4EB5 /* NNSectionsDiff+BLDataDiff.m in Sources */ = {isa = PBXBuildFile; fileRef = 01DC730C1C3F097700D03CA2 /* NNSectionsDiff+BLDataDiff.m */; };
		01D57A6A1C524FD9008E4EB5 /* NNArrayDiffChange+BLDataDiffIndexPathChange.m in Sources */ = {isa = PBXBuildFile; fileRef = 01DC730A1C3F097700D03CA2 /* NNArrayDiffChange+BLDataDiffIndexPathChange.m */; };
		01D57A6B1C524FD9008E4EB5 /* NNSectionsDiffChange+BLDataDiffSectionChange.m in Sources */ = {isa = PBXBuildFile; fileRef = 01C2D15E1C4E772500DA204C /* NNSectionsDiffChange+BLDataDiffSectionChange.m */; };
		01D57A6C1C524FD9008E4EB5 /* NSIndexPath+BLUtils.m in Sources */ = {isa = PBXBuildFile; fileRef = 01DC730E1C3F097700D03CA2 /* NSIndexPath+BLUtils.m */; };
		01D57A6D1C524FD9008E4EB5 /* BLUITableViewReloaderEngine.m in Sources */ = {isa = PBXBuildFile; fileRef = 01A3567F1C4718BE009969A3 /* BLUITableViewReloaderEngine.m */; };
		01D57A6E1C524FD9008E4EB5 /* BLUICollectionViewReloaderEngine.m in Sources */ = {isa = PBXBuildFile; fileRef = 01A356821C4718C8009969A3 /* BLUICollectionViewReloaderEngine.m */; };
		01D57A6F1C524FD9008E4EB5 /* BLUIKitViewReloader.m in Sources */ = {isa = PBXBuildFile; fileRef = 01DC73331C42E84C00D03CA2 /* BLUIKitViewReloader.m */; };
		01D57A701C524FD9008E4EB5 /* BLUITableViewAnimations.m in Sources */ = {isa = PBXBuildFile; fileRef = 01A356851C471CAD009969A3 /* BLUITableViewAnimations.m */; };
		01D57A711C524FFE008E4EB5 /* BLDataItem.h in Headers */ = {isa = PBXBuildFile; fileRef = 01DC72E01C3F097700D03CA2 /* BLDataItem.h */; settings = {ATTRIBUTES = (Public, ); }; };
		01D57A721C524FFE008E4EB5 /* BLDataSection.h in Headers */ = {isa = PBXBuildFile; fileRef = 01DC72E11C3F097700D03CA2 /* BLDataSection.h */; settings = {ATTRIBUTES = (Public, ); }; };
		01D57A731C524FFE008E4EB5 /* BLDataDiff.h in Headers */ = {isa = PBXBuildFile; fileRef = 01DC72D71C3F097700D03CA2 /* BLDataDiff.h */; settings = {ATTRIBUTES = (Public, ); }; };
		01D57A741C524FFE008E4EB5 /* BLDataDiffChange.h in Headers */ = {isa = PBXBuildFile; fileRef = 01DC72DA1C3F097700D03CA2 /* BLDataDiffChange.h */; settings = {ATTRIBUTES = (Public, ); }; };
		01D57A751C524FFE008E4EB5 /* BLMutableDataDiff.h in Headers */ = {isa = PBXBuildFile; fileRef = 01DC72DB1C3F097700D03CA2 /* BLMutableDataDiff.h */; settings = {ATTRIBUTES = (Public, ); }; };
		01D57A761C524FFE008E4EB5 /* BLMutableDataDiffChange.h in Headers */ = {isa = PBXBuildFile; fileRef = 01DC72DD1C3F097700D03CA2 /* BLMutableDataDiffChange.h */; settings = {ATTRIBUTES = (Public, ); }; };
		01D57A771C524FFE008E4EB5 /* BLDataDiffCalculator.h in Headers */ = {isa = PBXBuildFile; fileRef = 01DC72D81C3F097700D03CA2 /* BLDataDiffCalculator.h */; settings = {ATTRIBUTES = (Public, ); }; };
		01D57A781C524FFE008E4EB5 /* BLNilDataEventProcessor.h in Headers */ = {isa = PBXBuildFile; fileRef = 01DC72F11C3F097700D03CA2 /* BLNilDataEventProcessor.h */; };
		01D57A791C524FFE008E4EB5 /* BLChainDataEventProcessor.h in Headers */ = {isa = PBXBuildFile; fileRef = 01DC72EF1C3F097700D03CA2 /* BLChainDataEventProcessor.h */; };
		01D57A7A1C524FFE008E4EB5 /* BLStaticDataProviderProxy.h in Headers */ = {isa = PBXBuildFile; fileRef = 01DC72EC1C3F097700D03CA2 /* BLStaticDataProviderProxy.h */; settings = {ATTRIBUTES = (Public, ); }; };
		01D57A7B1C524FFE008E4EB5 /* BLStaticDataProviderProxy+Subclassing.h in Headers */ = {isa = PBXBuildFile; fileRef = 01DC72EB1C3F097700D03CA2 /* BLStaticDataProviderProxy+Subclassing.h */; settings = {ATTRIBUTES = (Private, ); }; };
		01D57A7C1C524FFE008E4EB5 /* BLAbstractDataProvider.h in Headers */ = {isa = PBXBuildFile; fileRef = 01DC72E61C3F097700D03CA2 /* BLAbstractDataProvider.h */; settings = {ATTRIBUTES = (Public, ); }; };
		01D57A7D1C524FFE008E4EB5 /* BLAbstractDataProvider+Subclassing.h in Headers */ = {isa = PBXBuildFile; fileRef = 01DC72E51C3F097700D03CA2 /* BLAbstractDataProvider+Subclassing.h */; settings = {ATTRIBUTES = (Private, ); }; };
		01D57A7E1C524FFE008E4EB5 /* BLChainDataProvider.h in Headers */ = {isa = PBXBuildFile; fileRef = 01DC72E91C3F097700D03CA2 /* BLChainDataProvider.h */; settings = {ATTRIBUTES = (Public, ); }; };
		01D57A7F1C524FFE008E4EB5 /* BLChainDataProvider+Subclassing.h in Headers */ = {isa = PBXBuildFile; fileRef = 01DC72E81C3F097700D03CA2 /* BLChainDataProvider+Subclassing.h */; settings = {ATTRIBUTES = (Private, ); }; };
		01D57A801C524FFE008E4EB5 /* BLArrayDataProvider.h in Headers */ = {isa = PBXBuildFile; fileRef = 01DC72F41C3F097700D03CA2 /* BLArrayDataProvider.h */; settings = {ATTRIBUTES = (Public, ); }; };
		01D57A811C524FFE008E4EB5 /* BLStaticArrayDataProvider.h in Headers */ = {isa = PBXBuildFile; fileRef = 01DC72F61C3F097700D03CA2 /* BLStaticArrayDataProvider.h */; settings = {ATTRIBUTES = (Private, ); }; };
		01D57A821C524FFE008E4EB5 /* BLFilterDataProvider.h in Headers */ = {isa = PBXBuildFile; fileRef = 01DC73001C3F097700D03CA2 /* BLFilterDataProvider.h */; settings = {ATTRIBUTES = (Public, ); }; };
		01D57A831C524FFE008E4EB5 /* BLStaticFilterDataProvider.h in Headers */ = {isa = PBXBuildFile; fileRef = 01DC73021C3F097700D03CA2 /* BLStaticFilterDataProvider.h */; settings = {ATTRIBUTES = (Private, ); }; };
		01D57A841C524FFE008E4EB5 /* BLDataItemFilter.h in Headers */ = {isa = PBXBuildFile; fileRef = 01DC72FE1C3F097700D03CA2 /* BLDataItemFilter.h */; settings = {ATTRIBUTES = (Public, ); }; };
		01D57A851C524FFE008E4EB5 /* BLDataProvider.h in Headers */ = {isa = PBXBuildFile; fileRef = 01DC72FC1C3F097700D03CA2 /* BLDataProvider.h */; settings = {ATTRIBUTES = (Public, ); }; };
		01D57A861C524FFE008E4EB5 /* BLDataObserver.h in Headers */ = {isa = PBXBuildFile; fileRef = 01DC72FB1C3F097700D03CA2 /* BLDataObserver.h */; settings = {ATTRIBUTES = (Public, ); }; };
		01D57A871C524FFE008E4EB5 /* BLDataEvent.h in Headers */ = {isa = PBXBuildFile; fileRef = 01DC72F81C3F097700D03CA2 /* BLDataEvent.h */; settings = {ATTRIBUTES = (Public, ); }; };
		01D57A881C524FFE008E4EB5 /* BLDataEventProcessor.h in Headers */ = {isa = PBXBuildFile; fileRef = 01DC72FA1C3F097700D03CA2 /* BLDataEventProcessor.h */; settings = {ATTRIBUTES = (Public, ); }; };
		01D57A891C524FFE008E4EB5 /* BLUtils.h in Headers */ = {isa = PBXBuildFile; fileRef = 01DC73051C3F097700D03CA2 /* BLUtils.h */; settings = {ATTRIBUTES = (Public, ); }; };
		01D57A8A1C524FFE008E4EB5 /* NNSectionsDiff+BLDataDiff.h in Headers */ = {isa = PBXBuildFile; fileRef = 01DC730B1C3F097700D03CA2 /* NNSectionsDiff+BLDataDiff.h */; };
		01D57A8B1C524FFE008E4EB5 /* NNArrayDiffChange+BLDataDiffIndexPathChange.h in Headers */ = {isa = PBXBuildFile; fileRef = 01DC73091C3F097700D03CA2 /* NNArrayDiffChange+BLDataDiffIndexPathChange.h */; };
		01D57A8C1C524FFE008E4EB5 /* NNSectionsDiffChange+BLDataDiffSectionChange.h in Headers */ = {isa = PBXBuildFile; fileRef = 01C2D15D1C4E772500DA204C /* NNSectionsDiffChange+BLDataDiffSectionChange.h */; };
		01D57A8D1C524FFE008E4EB5 /* NSIndexPath+BLUtils.h in Headers */ = {isa = PBXBuildFile; fileRef = 01DC730D1C3F097700D03CA2 /* NSIndexPath+BLUtils.h */; };
		01D57A8E1C524FFF008E4EB5 /* BLUIKitViewReloaderEngine.h in Headers */ = {isa = PBXBuildFile; fileRef = 01A356771C471877009969A3 /* BLUIKitViewReloaderEngine.h */; };
		01D57A8F1C524FFF008E4EB5 /* BLUITableViewReloaderEngine.h in Headers */ = {isa = PBXBuildFile; fileRef = 01A3567E1C4718BE009969A3 /* BLUITableViewReloaderEngine.h */; };
		01D57A901C524FFF008E4EB5 /* BLUICollectionViewReloaderEngine.h in Headers */ = {isa = PBXBuildFile; fileRef = 01A356811C4718C8009969A3 /* BLUICollectionViewReloaderEngine.h */; };
		01D57A911C524FFF008E4EB5 /* BLUIKitViewReloader.h in Headers */ = {isa = PBXBuildFile; fileRef = 01DC73321C42E84C00D03CA2 /* BLUIKitViewReloader.h */; settings = {ATTRIBUTES = (Public, ); }; };
		01D57A921C524FFF008E4EB5 /* BLUITableViewAnimations.h in Headers */ = {isa = PBXBuildFile; fileRef = 01A356841C471CAD009969A3 /* BLUITableViewAnimations.h */; settings = {ATTRIBUTES = (Public, ); }; };
		752095DF150F58C2E9DD3496 /* libPods.a in Frameworks */ = {isa = PBXBuildFile; fileRef = 35D2C76DFF023523F7626A4C /* libPods.a */; };
/* End PBXBuildFile section */

/* Begin PBXContainerItemProxy section */
		01D57A4C1C524FA9008E4EB5 /* PBXContainerItemProxy */ = {
			isa = PBXContainerItemProxy;
			containerPortal = 016E58D71C3B3EA10087E63A /* Project object */;
			proxyType = 1;
			remoteGlobalIDString = 01D57A401C524FA9008E4EB5;
			remoteInfo = Boilerdata;
		};
/* End PBXContainerItemProxy section */

/* Begin PBXFileReference section */
		016E58E21C3B3EA10087E63A /* Boilerdata.h */ = {isa = PBXFileReference; lastKnownFileType = sourcecode.c.h; path = Boilerdata.h; sourceTree = "<group>"; };
		01A356771C471877009969A3 /* BLUIKitViewReloaderEngine.h */ = {isa = PBXFileReference; fileEncoding = 4; lastKnownFileType = sourcecode.c.h; path = BLUIKitViewReloaderEngine.h; sourceTree = "<group>"; };
		01A3567E1C4718BE009969A3 /* BLUITableViewReloaderEngine.h */ = {isa = PBXFileReference; fileEncoding = 4; lastKnownFileType = sourcecode.c.h; path = BLUITableViewReloaderEngine.h; sourceTree = "<group>"; };
		01A3567F1C4718BE009969A3 /* BLUITableViewReloaderEngine.m */ = {isa = PBXFileReference; fileEncoding = 4; lastKnownFileType = sourcecode.c.objc; path = BLUITableViewReloaderEngine.m; sourceTree = "<group>"; };
		01A356811C4718C8009969A3 /* BLUICollectionViewReloaderEngine.h */ = {isa = PBXFileReference; fileEncoding = 4; lastKnownFileType = sourcecode.c.h; path = BLUICollectionViewReloaderEngine.h; sourceTree = "<group>"; };
		01A356821C4718C8009969A3 /* BLUICollectionViewReloaderEngine.m */ = {isa = PBXFileReference; fileEncoding = 4; lastKnownFileType = sourcecode.c.objc; path = BLUICollectionViewReloaderEngine.m; sourceTree = "<group>"; };
		01A356841C471CAD009969A3 /* BLUITableViewAnimations.h */ = {isa = PBXFileReference; fileEncoding = 4; lastKnownFileType = sourcecode.c.h; path = BLUITableViewAnimations.h; sourceTree = "<group>"; };
		01A356851C471CAD009969A3 /* BLUITableViewAnimations.m */ = {isa = PBXFileReference; fileEncoding = 4; lastKnownFileType = sourcecode.c.objc; path = BLUITableViewAnimations.m; sourceTree = "<group>"; };
		01A356D81C48FC10009969A3 /* BLAbstractDataProvider+Subclassing.m */ = {isa = PBXFileReference; lastKnownFileType = sourcecode.c.objc; path = "BLAbstractDataProvider+Subclassing.m"; sourceTree = "<group>"; };
		01C2D15D1C4E772500DA204C /* NNSectionsDiffChange+BLDataDiffSectionChange.h */ = {isa = PBXFileReference; fileEncoding = 4; lastKnownFileType = sourcecode.c.h; path = "NNSectionsDiffChange+BLDataDiffSectionChange.h"; sourceTree = "<group>"; };
		01C2D15E1C4E772500DA204C /* NNSectionsDiffChange+BLDataDiffSectionChange.m */ = {isa = PBXFileReference; fileEncoding = 4; lastKnownFileType = sourcecode.c.objc; path = "NNSectionsDiffChange+BLDataDiffSectionChange.m"; sourceTree = "<group>"; };
		01D57A411C524FA9008E4EB5 /* Boilerdata.framework */ = {isa = PBXFileReference; explicitFileType = wrapper.framework; includeInIndex = 0; path = Boilerdata.framework; sourceTree = BUILT_PRODUCTS_DIR; };
		01D57A431C524FA9008E4EB5 /* Boilerdata.h */ = {isa = PBXFileReference; lastKnownFileType = sourcecode.c.h; path = Boilerdata.h; sourceTree = "<group>"; };
		01D57A451C524FA9008E4EB5 /* Info.plist */ = {isa = PBXFileReference; lastKnownFileType = text.plist.xml; path = Info.plist; sourceTree = "<group>"; };
		01D57A4A1C524FA9008E4EB5 /* BoilerdataTests.xctest */ = {isa = PBXFileReference; explicitFileType = wrapper.cfbundle; includeInIndex = 0; path = BoilerdataTests.xctest; sourceTree = BUILT_PRODUCTS_DIR; };
		01D57A4F1C524FA9008E4EB5 /* BoilerdataTests.m */ = {isa = PBXFileReference; lastKnownFileType = sourcecode.c.objc; path = BoilerdataTests.m; sourceTree = "<group>"; };
		01D57A511C524FA9008E4EB5 /* Info.plist */ = {isa = PBXFileReference; lastKnownFileType = text.plist.xml; path = Info.plist; sourceTree = "<group>"; };
		01DC72D71C3F097700D03CA2 /* BLDataDiff.h */ = {isa = PBXFileReference; fileEncoding = 4; lastKnownFileType = sourcecode.c.h; path = BLDataDiff.h; sourceTree = "<group>"; };
		01DC72D81C3F097700D03CA2 /* BLDataDiffCalculator.h */ = {isa = PBXFileReference; fileEncoding = 4; lastKnownFileType = sourcecode.c.h; path = BLDataDiffCalculator.h; sourceTree = "<group>"; };
		01DC72D91C3F097700D03CA2 /* BLDataDiffCalculator.m */ = {isa = PBXFileReference; fileEncoding = 4; lastKnownFileType = sourcecode.c.objc; path = BLDataDiffCalculator.m; sourceTree = "<group>"; };
		01DC72DA1C3F097700D03CA2 /* BLDataDiffChange.h */ = {isa = PBXFileReference; fileEncoding = 4; lastKnownFileType = sourcecode.c.h; path = BLDataDiffChange.h; sourceTree = "<group>"; };
		01DC72DB1C3F097700D03CA2 /* BLMutableDataDiff.h */ = {isa = PBXFileReference; fileEncoding = 4; lastKnownFileType = sourcecode.c.h; path = BLMutableDataDiff.h; sourceTree = "<group>"; };
		01DC72DC1C3F097700D03CA2 /* BLMutableDataDiff.m */ = {isa = PBXFileReference; fileEncoding = 4; lastKnownFileType = sourcecode.c.objc; path = BLMutableDataDiff.m; sourceTree = "<group>"; };
		01DC72DD1C3F097700D03CA2 /* BLMutableDataDiffChange.h */ = {isa = PBXFileReference; fileEncoding = 4; lastKnownFileType = sourcecode.c.h; path = BLMutableDataDiffChange.h; sourceTree = "<group>"; };
		01DC72DE1C3F097700D03CA2 /* BLMutableDataDiffChange.m */ = {isa = PBXFileReference; fileEncoding = 4; lastKnownFileType = sourcecode.c.objc; path = BLMutableDataDiffChange.m; sourceTree = "<group>"; };
		01DC72E01C3F097700D03CA2 /* BLDataItem.h */ = {isa = PBXFileReference; fileEncoding = 4; lastKnownFileType = sourcecode.c.h; path = BLDataItem.h; sourceTree = "<group>"; };
		01DC72E11C3F097700D03CA2 /* BLDataSection.h */ = {isa = PBXFileReference; fileEncoding = 4; lastKnownFileType = sourcecode.c.h; path = BLDataSection.h; sourceTree = "<group>"; };
		01DC72E21C3F097700D03CA2 /* BLDataSection.m */ = {isa = PBXFileReference; fileEncoding = 4; lastKnownFileType = sourcecode.c.objc; path = BLDataSection.m; sourceTree = "<group>"; };
		01DC72E51C3F097700D03CA2 /* BLAbstractDataProvider+Subclassing.h */ = {isa = PBXFileReference; fileEncoding = 4; lastKnownFileType = sourcecode.c.h; path = "BLAbstractDataProvider+Subclassing.h"; sourceTree = "<group>"; };
		01DC72E61C3F097700D03CA2 /* BLAbstractDataProvider.h */ = {isa = PBXFileReference; fileEncoding = 4; lastKnownFileType = sourcecode.c.h; path = BLAbstractDataProvider.h; sourceTree = "<group>"; };
		01DC72E71C3F097700D03CA2 /* BLAbstractDataProvider.m */ = {isa = PBXFileReference; fileEncoding = 4; lastKnownFileType = sourcecode.c.objc; path = BLAbstractDataProvider.m; sourceTree = "<group>"; };
		01DC72E81C3F097700D03CA2 /* BLChainDataProvider+Subclassing.h */ = {isa = PBXFileReference; fileEncoding = 4; lastKnownFileType = sourcecode.c.h; path = "BLChainDataProvider+Subclassing.h"; sourceTree = "<group>"; };
		01DC72E91C3F097700D03CA2 /* BLChainDataProvider.h */ = {isa = PBXFileReference; fileEncoding = 4; lastKnownFileType = sourcecode.c.h; path = BLChainDataProvider.h; sourceTree = "<group>"; };
		01DC72EA1C3F097700D03CA2 /* BLChainDataProvider.m */ = {isa = PBXFileReference; fileEncoding = 4; lastKnownFileType = sourcecode.c.objc; path = BLChainDataProvider.m; sourceTree = "<group>"; };
		01DC72EB1C3F097700D03CA2 /* BLStaticDataProviderProxy+Subclassing.h */ = {isa = PBXFileReference; fileEncoding = 4; lastKnownFileType = sourcecode.c.h; path = "BLStaticDataProviderProxy+Subclassing.h"; sourceTree = "<group>"; };
		01DC72EC1C3F097700D03CA2 /* BLStaticDataProviderProxy.h */ = {isa = PBXFileReference; fileEncoding = 4; lastKnownFileType = sourcecode.c.h; path = BLStaticDataProviderProxy.h; sourceTree = "<group>"; };
		01DC72ED1C3F097700D03CA2 /* BLStaticDataProviderProxy.m */ = {isa = PBXFileReference; fileEncoding = 4; lastKnownFileType = sourcecode.c.objc; path = BLStaticDataProviderProxy.m; sourceTree = "<group>"; };
		01DC72EF1C3F097700D03CA2 /* BLChainDataEventProcessor.h */ = {isa = PBXFileReference; fileEncoding = 4; lastKnownFileType = sourcecode.c.h; path = BLChainDataEventProcessor.h; sourceTree = "<group>"; };
		01DC72F01C3F097700D03CA2 /* BLChainDataEventProcessor.m */ = {isa = PBXFileReference; fileEncoding = 4; lastKnownFileType = sourcecode.c.objc; path = BLChainDataEventProcessor.m; sourceTree = "<group>"; };
		01DC72F11C3F097700D03CA2 /* BLNilDataEventProcessor.h */ = {isa = PBXFileReference; fileEncoding = 4; lastKnownFileType = sourcecode.c.h; path = BLNilDataEventProcessor.h; sourceTree = "<group>"; };
		01DC72F21C3F097700D03CA2 /* BLNilDataEventProcessor.m */ = {isa = PBXFileReference; fileEncoding = 4; lastKnownFileType = sourcecode.c.objc; path = BLNilDataEventProcessor.m; sourceTree = "<group>"; };
		01DC72F41C3F097700D03CA2 /* BLArrayDataProvider.h */ = {isa = PBXFileReference; fileEncoding = 4; lastKnownFileType = sourcecode.c.h; path = BLArrayDataProvider.h; sourceTree = "<group>"; };
		01DC72F51C3F097700D03CA2 /* BLArrayDataProvider.m */ = {isa = PBXFileReference; fileEncoding = 4; lastKnownFileType = sourcecode.c.objc; path = BLArrayDataProvider.m; sourceTree = "<group>"; };
		01DC72F61C3F097700D03CA2 /* BLStaticArrayDataProvider.h */ = {isa = PBXFileReference; fileEncoding = 4; lastKnownFileType = sourcecode.c.h; path = BLStaticArrayDataProvider.h; sourceTree = "<group>"; };
		01DC72F71C3F097700D03CA2 /* BLStaticArrayDataProvider.m */ = {isa = PBXFileReference; fileEncoding = 4; lastKnownFileType = sourcecode.c.objc; path = BLStaticArrayDataProvider.m; sourceTree = "<group>"; };
		01DC72F81C3F097700D03CA2 /* BLDataEvent.h */ = {isa = PBXFileReference; fileEncoding = 4; lastKnownFileType = sourcecode.c.h; path = BLDataEvent.h; sourceTree = "<group>"; };
		01DC72F91C3F097700D03CA2 /* BLDataEvent.m */ = {isa = PBXFileReference; fileEncoding = 4; lastKnownFileType = sourcecode.c.objc; path = BLDataEvent.m; sourceTree = "<group>"; };
		01DC72FA1C3F097700D03CA2 /* BLDataEventProcessor.h */ = {isa = PBXFileReference; fileEncoding = 4; lastKnownFileType = sourcecode.c.h; path = BLDataEventProcessor.h; sourceTree = "<group>"; };
		01DC72FB1C3F097700D03CA2 /* BLDataObserver.h */ = {isa = PBXFileReference; fileEncoding = 4; lastKnownFileType = sourcecode.c.h; path = BLDataObserver.h; sourceTree = "<group>"; };
		01DC72FC1C3F097700D03CA2 /* BLDataProvider.h */ = {isa = PBXFileReference; fileEncoding = 4; lastKnownFileType = sourcecode.c.h; path = BLDataProvider.h; sourceTree = "<group>"; };
		01DC72FE1C3F097700D03CA2 /* BLDataItemFilter.h */ = {isa = PBXFileReference; fileEncoding = 4; lastKnownFileType = sourcecode.c.h; path = BLDataItemFilter.h; sourceTree = "<group>"; };
		01DC72FF1C3F097700D03CA2 /* BLDataItemFilter.m */ = {isa = PBXFileReference; fileEncoding = 4; lastKnownFileType = sourcecode.c.objc; path = BLDataItemFilter.m; sourceTree = "<group>"; };
		01DC73001C3F097700D03CA2 /* BLFilterDataProvider.h */ = {isa = PBXFileReference; fileEncoding = 4; lastKnownFileType = sourcecode.c.h; path = BLFilterDataProvider.h; sourceTree = "<group>"; };
		01DC73011C3F097700D03CA2 /* BLFilterDataProvider.m */ = {isa = PBXFileReference; fileEncoding = 4; lastKnownFileType = sourcecode.c.objc; path = BLFilterDataProvider.m; sourceTree = "<group>"; };
		01DC73021C3F097700D03CA2 /* BLStaticFilterDataProvider.h */ = {isa = PBXFileReference; fileEncoding = 4; lastKnownFileType = sourcecode.c.h; path = BLStaticFilterDataProvider.h; sourceTree = "<group>"; };
		01DC73031C3F097700D03CA2 /* BLStaticFilterDataProvider.m */ = {isa = PBXFileReference; fileEncoding = 4; lastKnownFileType = sourcecode.c.objc; path = BLStaticFilterDataProvider.m; sourceTree = "<group>"; };
		01DC73051C3F097700D03CA2 /* BLUtils.h */ = {isa = PBXFileReference; fileEncoding = 4; lastKnownFileType = sourcecode.c.h; path = BLUtils.h; sourceTree = "<group>"; };
		01DC73061C3F097700D03CA2 /* BLUtils.m */ = {isa = PBXFileReference; fileEncoding = 4; lastKnownFileType = sourcecode.c.objc; path = BLUtils.m; sourceTree = "<group>"; };
		01DC73091C3F097700D03CA2 /* NNArrayDiffChange+BLDataDiffIndexPathChange.h */ = {isa = PBXFileReference; fileEncoding = 4; lastKnownFileType = sourcecode.c.h; path = "NNArrayDiffChange+BLDataDiffIndexPathChange.h"; sourceTree = "<group>"; };
		01DC730A1C3F097700D03CA2 /* NNArrayDiffChange+BLDataDiffIndexPathChange.m */ = {isa = PBXFileReference; fileEncoding = 4; lastKnownFileType = sourcecode.c.objc; path = "NNArrayDiffChange+BLDataDiffIndexPathChange.m"; sourceTree = "<group>"; };
		01DC730B1C3F097700D03CA2 /* NNSectionsDiff+BLDataDiff.h */ = {isa = PBXFileReference; fileEncoding = 4; lastKnownFileType = sourcecode.c.h; path = "NNSectionsDiff+BLDataDiff.h"; sourceTree = "<group>"; };
		01DC730C1C3F097700D03CA2 /* NNSectionsDiff+BLDataDiff.m */ = {isa = PBXFileReference; fileEncoding = 4; lastKnownFileType = sourcecode.c.objc; path = "NNSectionsDiff+BLDataDiff.m"; sourceTree = "<group>"; };
		01DC730D1C3F097700D03CA2 /* NSIndexPath+BLUtils.h */ = {isa = PBXFileReference; fileEncoding = 4; lastKnownFileType = sourcecode.c.h; path = "NSIndexPath+BLUtils.h"; sourceTree = "<group>"; };
		01DC730E1C3F097700D03CA2 /* NSIndexPath+BLUtils.m */ = {isa = PBXFileReference; fileEncoding = 4; lastKnownFileType = sourcecode.c.objc; path = "NSIndexPath+BLUtils.m"; sourceTree = "<group>"; };
		01DC73321C42E84C00D03CA2 /* BLUIKitViewReloader.h */ = {isa = PBXFileReference; fileEncoding = 4; lastKnownFileType = sourcecode.c.h; path = BLUIKitViewReloader.h; sourceTree = "<group>"; };
		01DC73331C42E84C00D03CA2 /* BLUIKitViewReloader.m */ = {isa = PBXFileReference; fileEncoding = 4; lastKnownFileType = sourcecode.c.objc; path = BLUIKitViewReloader.m; sourceTree = "<group>"; };
		27229336A96FC966E90569F1 /* Pods.debug.xcconfig */ = {isa = PBXFileReference; includeInIndex = 1; lastKnownFileType = text.xcconfig; name = Pods.debug.xcconfig; path = "Pods/Target Support Files/Pods/Pods.debug.xcconfig"; sourceTree = "<group>"; };
		35D2C76DFF023523F7626A4C /* libPods.a */ = {isa = PBXFileReference; explicitFileType = archive.ar; includeInIndex = 0; path = libPods.a; sourceTree = BUILT_PRODUCTS_DIR; };
		B8EC2E52A39642AB63DCB70F /* Pods.release.xcconfig */ = {isa = PBXFileReference; includeInIndex = 1; lastKnownFileType = text.xcconfig; name = Pods.release.xcconfig; path = "Pods/Target Support Files/Pods/Pods.release.xcconfig"; sourceTree = "<group>"; };
/* End PBXFileReference section */

/* Begin PBXFrameworksBuildPhase section */
		01D57A3D1C524FA9008E4EB5 /* Frameworks */ = {
			isa = PBXFrameworksBuildPhase;
			buildActionMask = 2147483647;
			files = (
				752095DF150F58C2E9DD3496 /* libPods.a in Frameworks */,
			);
			runOnlyForDeploymentPostprocessing = 0;
		};
		01D57A471C524FA9008E4EB5 /* Frameworks */ = {
			isa = PBXFrameworksBuildPhase;
			buildActionMask = 2147483647;
			files = (
				01D57A4B1C524FA9008E4EB5 /* Boilerdata.framework in Frameworks */,
			);
			runOnlyForDeploymentPostprocessing = 0;
		};
/* End PBXFrameworksBuildPhase section */

/* Begin PBXGroup section */
		016E58D61C3B3EA10087E63A = {
			isa = PBXGroup;
			children = (
				016E58E11C3B3EA10087E63A /* Boilerdata */,
				01D57A421C524FA9008E4EB5 /* Boilerdata */,
				01D57A4E1C524FA9008E4EB5 /* BoilerdataTests */,
				016E58E01C3B3EA10087E63A /* Products */,
				8CC07F72C0EDEC80F50278CA /* Pods */,
				9DD83E9B8B813BCD376E2AB3 /* Frameworks */,
			);
			sourceTree = "<group>";
		};
		016E58E01C3B3EA10087E63A /* Products */ = {
			isa = PBXGroup;
			children = (
				01D57A411C524FA9008E4EB5 /* Boilerdata.framework */,
				01D57A4A1C524FA9008E4EB5 /* BoilerdataTests.xctest */,
			);
			name = Products;
			sourceTree = "<group>";
		};
		016E58E11C3B3EA10087E63A /* Boilerdata */ = {
			isa = PBXGroup;
			children = (
				01DC72D51C3F097700D03CA2 /* Core */,
				01DC72D31C3F093700D03CA2 /* UIKit */,
				016E58E21C3B3EA10087E63A /* Boilerdata.h */,
			);
			path = Boilerdata;
			sourceTree = "<group>";
		};
		01A356761C471866009969A3 /* Internal */ = {
			isa = PBXGroup;
			children = (
				01A356771C471877009969A3 /* BLUIKitViewReloaderEngine.h */,
				01A3567E1C4718BE009969A3 /* BLUITableViewReloaderEngine.h */,
				01A3567F1C4718BE009969A3 /* BLUITableViewReloaderEngine.m */,
				01A356811C4718C8009969A3 /* BLUICollectionViewReloaderEngine.h */,
				01A356821C4718C8009969A3 /* BLUICollectionViewReloaderEngine.m */,
			);
			path = Internal;
			sourceTree = "<group>";
		};
		01D57A421C524FA9008E4EB5 /* Boilerdata */ = {
			isa = PBXGroup;
			children = (
				01D57A431C524FA9008E4EB5 /* Boilerdata.h */,
				01D57A451C524FA9008E4EB5 /* Info.plist */,
			);
			path = Boilerdata;
			sourceTree = "<group>";
		};
		01D57A4E1C524FA9008E4EB5 /* BoilerdataTests */ = {
			isa = PBXGroup;
			children = (
				01D57A4F1C524FA9008E4EB5 /* BoilerdataTests.m */,
				01D57A511C524FA9008E4EB5 /* Info.plist */,
			);
			path = BoilerdataTests;
			sourceTree = "<group>";
		};
		01DC72D31C3F093700D03CA2 /* UIKit */ = {
			isa = PBXGroup;
			children = (
				01DC72D41C3F093700D03CA2 /* Event Processors */,
			);
			path = UIKit;
			sourceTree = "<group>";
		};
		01DC72D41C3F093700D03CA2 /* Event Processors */ = {
			isa = PBXGroup;
			children = (
				01A356761C471866009969A3 /* Internal */,
				01DC73321C42E84C00D03CA2 /* BLUIKitViewReloader.h */,
				01DC73331C42E84C00D03CA2 /* BLUIKitViewReloader.m */,
				01A356841C471CAD009969A3 /* BLUITableViewAnimations.h */,
				01A356851C471CAD009969A3 /* BLUITableViewAnimations.m */,
			);
			path = "Event Processors";
			sourceTree = "<group>";
		};
		01DC72D51C3F097700D03CA2 /* Core */ = {
			isa = PBXGroup;
			children = (
				01DC72DF1C3F097700D03CA2 /* Data Item */,
				01DC72D61C3F097700D03CA2 /* Data Diff */,
				01DC72E31C3F097700D03CA2 /* Data Providers */,
				01DC73041C3F097700D03CA2 /* Goodies */,
				01DC73071C3F097700D03CA2 /* Internal */,
			);
			path = Core;
			sourceTree = "<group>";
		};
		01DC72D61C3F097700D03CA2 /* Data Diff */ = {
			isa = PBXGroup;
			children = (
				01DC72D71C3F097700D03CA2 /* BLDataDiff.h */,
				01DC72DA1C3F097700D03CA2 /* BLDataDiffChange.h */,
				01DC72DB1C3F097700D03CA2 /* BLMutableDataDiff.h */,
				01DC72DC1C3F097700D03CA2 /* BLMutableDataDiff.m */,
				01DC72DD1C3F097700D03CA2 /* BLMutableDataDiffChange.h */,
				01DC72DE1C3F097700D03CA2 /* BLMutableDataDiffChange.m */,
				01DC72D81C3F097700D03CA2 /* BLDataDiffCalculator.h */,
				01DC72D91C3F097700D03CA2 /* BLDataDiffCalculator.m */,
			);
			path = "Data Diff";
			sourceTree = "<group>";
		};
		01DC72DF1C3F097700D03CA2 /* Data Item */ = {
			isa = PBXGroup;
			children = (
				01DC72E01C3F097700D03CA2 /* BLDataItem.h */,
				01DC72E11C3F097700D03CA2 /* BLDataSection.h */,
				01DC72E21C3F097700D03CA2 /* BLDataSection.m */,
			);
			path = "Data Item";
			sourceTree = "<group>";
		};
		01DC72E31C3F097700D03CA2 /* Data Providers */ = {
			isa = PBXGroup;
			children = (
				01DC72E41C3F097700D03CA2 /* Abstract */,
				01DC72F31C3F097700D03CA2 /* Array */,
				01DC72FD1C3F097700D03CA2 /* Filter */,
				01DC72FC1C3F097700D03CA2 /* BLDataProvider.h */,
				01DC72FB1C3F097700D03CA2 /* BLDataObserver.h */,
				01DC72F81C3F097700D03CA2 /* BLDataEvent.h */,
				01DC72F91C3F097700D03CA2 /* BLDataEvent.m */,
				01DC72FA1C3F097700D03CA2 /* BLDataEventProcessor.h */,
			);
			path = "Data Providers";
			sourceTree = "<group>";
		};
		01DC72E41C3F097700D03CA2 /* Abstract */ = {
			isa = PBXGroup;
			children = (
				01DC72EE1C3F097700D03CA2 /* Processors */,
				01DC72EC1C3F097700D03CA2 /* BLStaticDataProviderProxy.h */,
				01DC72ED1C3F097700D03CA2 /* BLStaticDataProviderProxy.m */,
				01DC72EB1C3F097700D03CA2 /* BLStaticDataProviderProxy+Subclassing.h */,
				01DC72E61C3F097700D03CA2 /* BLAbstractDataProvider.h */,
				01DC72E71C3F097700D03CA2 /* BLAbstractDataProvider.m */,
				01DC72E51C3F097700D03CA2 /* BLAbstractDataProvider+Subclassing.h */,
				01A356D81C48FC10009969A3 /* BLAbstractDataProvider+Subclassing.m */,
				01DC72E91C3F097700D03CA2 /* BLChainDataProvider.h */,
				01DC72EA1C3F097700D03CA2 /* BLChainDataProvider.m */,
				01DC72E81C3F097700D03CA2 /* BLChainDataProvider+Subclassing.h */,
			);
			path = Abstract;
			sourceTree = "<group>";
		};
		01DC72EE1C3F097700D03CA2 /* Processors */ = {
			isa = PBXGroup;
			children = (
				01DC72F11C3F097700D03CA2 /* BLNilDataEventProcessor.h */,
				01DC72F21C3F097700D03CA2 /* BLNilDataEventProcessor.m */,
				01DC72EF1C3F097700D03CA2 /* BLChainDataEventProcessor.h */,
				01DC72F01C3F097700D03CA2 /* BLChainDataEventProcessor.m */,
			);
			path = Processors;
			sourceTree = "<group>";
		};
		01DC72F31C3F097700D03CA2 /* Array */ = {
			isa = PBXGroup;
			children = (
				01DC72F41C3F097700D03CA2 /* BLArrayDataProvider.h */,
				01DC72F51C3F097700D03CA2 /* BLArrayDataProvider.m */,
				01DC72F61C3F097700D03CA2 /* BLStaticArrayDataProvider.h */,
				01DC72F71C3F097700D03CA2 /* BLStaticArrayDataProvider.m */,
			);
			path = Array;
			sourceTree = "<group>";
		};
		01DC72FD1C3F097700D03CA2 /* Filter */ = {
			isa = PBXGroup;
			children = (
				01DC73001C3F097700D03CA2 /* BLFilterDataProvider.h */,
				01DC73011C3F097700D03CA2 /* BLFilterDataProvider.m */,
				01DC73021C3F097700D03CA2 /* BLStaticFilterDataProvider.h */,
				01DC73031C3F097700D03CA2 /* BLStaticFilterDataProvider.m */,
				01DC72FE1C3F097700D03CA2 /* BLDataItemFilter.h */,
				01DC72FF1C3F097700D03CA2 /* BLDataItemFilter.m */,
			);
			path = Filter;
			sourceTree = "<group>";
		};
		01DC73041C3F097700D03CA2 /* Goodies */ = {
			isa = PBXGroup;
			children = (
				01DC73051C3F097700D03CA2 /* BLUtils.h */,
				01DC73061C3F097700D03CA2 /* BLUtils.m */,
			);
			path = Goodies;
			sourceTree = "<group>";
		};
		01DC73071C3F097700D03CA2 /* Internal */ = {
			isa = PBXGroup;
			children = (
				01DC73081C3F097700D03CA2 /* ArrayDiff */,
				01DC730D1C3F097700D03CA2 /* NSIndexPath+BLUtils.h */,
				01DC730E1C3F097700D03CA2 /* NSIndexPath+BLUtils.m */,
			);
			path = Internal;
			sourceTree = "<group>";
		};
		01DC73081C3F097700D03CA2 /* ArrayDiff */ = {
			isa = PBXGroup;
			children = (
				01DC730B1C3F097700D03CA2 /* NNSectionsDiff+BLDataDiff.h */,
				01DC730C1C3F097700D03CA2 /* NNSectionsDiff+BLDataDiff.m */,
				01DC73091C3F097700D03CA2 /* NNArrayDiffChange+BLDataDiffIndexPathChange.h */,
				01DC730A1C3F097700D03CA2 /* NNArrayDiffChange+BLDataDiffIndexPathChange.m */,
				01C2D15D1C4E772500DA204C /* NNSectionsDiffChange+BLDataDiffSectionChange.h */,
				01C2D15E1C4E772500DA204C /* NNSectionsDiffChange+BLDataDiffSectionChange.m */,
			);
			path = ArrayDiff;
			sourceTree = "<group>";
		};
		8CC07F72C0EDEC80F50278CA /* Pods */ = {
			isa = PBXGroup;
			children = (
				27229336A96FC966E90569F1 /* Pods.debug.xcconfig */,
				B8EC2E52A39642AB63DCB70F /* Pods.release.xcconfig */,
			);
			name = Pods;
			sourceTree = "<group>";
		};
		9DD83E9B8B813BCD376E2AB3 /* Frameworks */ = {
			isa = PBXGroup;
			children = (
				35D2C76DFF023523F7626A4C /* libPods.a */,
			);
			name = Frameworks;
			sourceTree = "<group>";
		};
/* End PBXGroup section */

/* Begin PBXHeadersBuildPhase section */
		01D57A3E1C524FA9008E4EB5 /* Headers */ = {
			isa = PBXHeadersBuildPhase;
			buildActionMask = 2147483647;
			files = (
				01D57A711C524FFE008E4EB5 /* BLDataItem.h in Headers */,
				01D57A721C524FFE008E4EB5 /* BLDataSection.h in Headers */,
				01D57A731C524FFE008E4EB5 /* BLDataDiff.h in Headers */,
				01D57A741C524FFE008E4EB5 /* BLDataDiffChange.h in Headers */,
				01D57A751C524FFE008E4EB5 /* BLMutableDataDiff.h in Headers */,
				01D57A761C524FFE008E4EB5 /* BLMutableDataDiffChange.h in Headers */,
				01D57A771C524FFE008E4EB5 /* BLDataDiffCalculator.h in Headers */,
				01D57A7A1C524FFE008E4EB5 /* BLStaticDataProviderProxy.h in Headers */,
				01D57A7C1C524FFE008E4EB5 /* BLAbstractDataProvider.h in Headers */,
				01D57A7E1C524FFE008E4EB5 /* BLChainDataProvider.h in Headers */,
				01D57A801C524FFE008E4EB5 /* BLArrayDataProvider.h in Headers */,
				01D57A821C524FFE008E4EB5 /* BLFilterDataProvider.h in Headers */,
				01D57A841C524FFE008E4EB5 /* BLDataItemFilter.h in Headers */,
				01D57A851C524FFE008E4EB5 /* BLDataProvider.h in Headers */,
				01D57A861C524FFE008E4EB5 /* BLDataObserver.h in Headers */,
				01D57A871C524FFE008E4EB5 /* BLDataEvent.h in Headers */,
				01D57A881C524FFE008E4EB5 /* BLDataEventProcessor.h in Headers */,
				01D57A891C524FFE008E4EB5 /* BLUtils.h in Headers */,
				01D57A911C524FFF008E4EB5 /* BLUIKitViewReloader.h in Headers */,
				01D57A921C524FFF008E4EB5 /* BLUITableViewAnimations.h in Headers */,
				01D57A441C524FA9008E4EB5 /* Boilerdata.h in Headers */,
				01D57A811C524FFE008E4EB5 /* BLStaticArrayDataProvider.h in Headers */,
				01D57A831C524FFE008E4EB5 /* BLStaticFilterDataProvider.h in Headers */,
				01D57A7B1C524FFE008E4EB5 /* BLStaticDataProviderProxy+Subclassing.h in Headers */,
				01D57A7D1C524FFE008E4EB5 /* BLAbstractDataProvider+Subclassing.h in Headers */,
				01D57A7F1C524FFE008E4EB5 /* BLChainDataProvider+Subclassing.h in Headers */,
				01D57A8E1C524FFF008E4EB5 /* BLUIKitViewReloaderEngine.h in Headers */,
				01D57A8F1C524FFF008E4EB5 /* BLUITableViewReloaderEngine.h in Headers */,
				01D57A901C524FFF008E4EB5 /* BLUICollectionViewReloaderEngine.h in Headers */,
				01D57A781C524FFE008E4EB5 /* BLNilDataEventProcessor.h in Headers */,
				01D57A791C524FFE008E4EB5 /* BLChainDataEventProcessor.h in Headers */,
				01D57A8A1C524FFE008E4EB5 /* NNSectionsDiff+BLDataDiff.h in Headers */,
				01D57A8B1C524FFE008E4EB5 /* NNArrayDiffChange+BLDataDiffIndexPathChange.h in Headers */,
				01D57A8C1C524FFE008E4EB5 /* NNSectionsDiffChange+BLDataDiffSectionChange.h in Headers */,
				01D57A8D1C524FFE008E4EB5 /* NSIndexPath+BLUtils.h in Headers */,
			);
			runOnlyForDeploymentPostprocessing = 0;
		};
/* End PBXHeadersBuildPhase section */

/* Begin PBXNativeTarget section */
		01D57A401C524FA9008E4EB5 /* Boilerdata */ = {
			isa = PBXNativeTarget;
			buildConfigurationList = 01D57A521C524FA9008E4EB5 /* Build configuration list for PBXNativeTarget "Boilerdata" */;
			buildPhases = (
				419628A3B55374668689D0B3 /* Check Pods Manifest.lock */,
				01D57A3C1C524FA9008E4EB5 /* Sources */,
				01D57A3D1C524FA9008E4EB5 /* Frameworks */,
				01D57A3E1C524FA9008E4EB5 /* Headers */,
				01D57A3F1C524FA9008E4EB5 /* Resources */,
				57FC05B5A995ED75437D655A /* Copy Pods Resources */,
			);
			buildRules = (
			);
			dependencies = (
			);
			name = Boilerdata;
			productName = Boilerdata;
			productReference = 01D57A411C524FA9008E4EB5 /* Boilerdata.framework */;
			productType = "com.apple.product-type.framework";
		};
		01D57A491C524FA9008E4EB5 /* BoilerdataTests */ = {
			isa = PBXNativeTarget;
			buildConfigurationList = 01D57A551C524FA9008E4EB5 /* Build configuration list for PBXNativeTarget "BoilerdataTests" */;
			buildPhases = (
				01D57A461C524FA9008E4EB5 /* Sources */,
				01D57A471C524FA9008E4EB5 /* Frameworks */,
				01D57A481C524FA9008E4EB5 /* Resources */,
			);
			buildRules = (
			);
			dependencies = (
				01D57A4D1C524FA9008E4EB5 /* PBXTargetDependency */,
			);
			name = BoilerdataTests;
			productName = BoilerdataTests;
			productReference = 01D57A4A1C524FA9008E4EB5 /* BoilerdataTests.xctest */;
			productType = "com.apple.product-type.bundle.unit-test";
		};
/* End PBXNativeTarget section */

/* Begin PBXProject section */
		016E58D71C3B3EA10087E63A /* Project object */ = {
			isa = PBXProject;
			attributes = {
				CLASSPREFIX = BL;
				LastUpgradeCheck = 0720;
				ORGANIZATIONNAME = Pixty;
				TargetAttributes = {
					01D57A401C524FA9008E4EB5 = {
						CreatedOnToolsVersion = 7.2;
					};
					01D57A491C524FA9008E4EB5 = {
						CreatedOnToolsVersion = 7.2;
					};
				};
			};
			buildConfigurationList = 016E58DA1C3B3EA10087E63A /* Build configuration list for PBXProject "Boilerdata" */;
			compatibilityVersion = "Xcode 3.2";
			developmentRegion = English;
			hasScannedForEncodings = 0;
			knownRegions = (
				en,
			);
			mainGroup = 016E58D61C3B3EA10087E63A;
			productRefGroup = 016E58E01C3B3EA10087E63A /* Products */;
			projectDirPath = "";
			projectRoot = "";
			targets = (
				01D57A401C524FA9008E4EB5 /* Boilerdata */,
				01D57A491C524FA9008E4EB5 /* BoilerdataTests */,
			);
		};
/* End PBXProject section */

/* Begin PBXResourcesBuildPhase section */
		01D57A3F1C524FA9008E4EB5 /* Resources */ = {
			isa = PBXResourcesBuildPhase;
			buildActionMask = 2147483647;
			files = (
			);
			runOnlyForDeploymentPostprocessing = 0;
		};
		01D57A481C524FA9008E4EB5 /* Resources */ = {
			isa = PBXResourcesBuildPhase;
			buildActionMask = 2147483647;
			files = (
			);
			runOnlyForDeploymentPostprocessing = 0;
		};
/* End PBXResourcesBuildPhase section */

/* Begin PBXShellScriptBuildPhase section */
		419628A3B55374668689D0B3 /* Check Pods Manifest.lock */ = {
			isa = PBXShellScriptBuildPhase;
			buildActionMask = 2147483647;
			files = (
			);
			inputPaths = (
			);
			name = "Check Pods Manifest.lock";
			outputPaths = (
			);
			runOnlyForDeploymentPostprocessing = 0;
			shellPath = /bin/sh;
			shellScript = "diff \"${PODS_ROOT}/../Podfile.lock\" \"${PODS_ROOT}/Manifest.lock\" > /dev/null\nif [[ $? != 0 ]] ; then\n    cat << EOM\nerror: The sandbox is not in sync with the Podfile.lock. Run 'pod install' or update your CocoaPods installation.\nEOM\n    exit 1\nfi\n";
			showEnvVarsInLog = 0;
		};
		57FC05B5A995ED75437D655A /* Copy Pods Resources */ = {
			isa = PBXShellScriptBuildPhase;
			buildActionMask = 2147483647;
			files = (
			);
			inputPaths = (
			);
			name = "Copy Pods Resources";
			outputPaths = (
			);
			runOnlyForDeploymentPostprocessing = 0;
			shellPath = /bin/sh;
			shellScript = "\"${SRCROOT}/Pods/Target Support Files/Pods/Pods-resources.sh\"\n";
			showEnvVarsInLog = 0;
		};
/* End PBXShellScriptBuildPhase section */

/* Begin PBXSourcesBuildPhase section */
		01D57A3C1C524FA9008E4EB5 /* Sources */ = {
			isa = PBXSourcesBuildPhase;
			buildActionMask = 2147483647;
			files = (
				01D57A581C524FD9008E4EB5 /* BLDataSection.m in Sources */,
				01D57A591C524FD9008E4EB5 /* BLMutableDataDiff.m in Sources */,
				01D57A5A1C524FD9008E4EB5 /* BLMutableDataDiffChange.m in Sources */,
				01D57A5B1C524FD9008E4EB5 /* BLDataDiffCalculator.m in Sources */,
				01D57A5C1C524FD9008E4EB5 /* BLNilDataEventProcessor.m in Sources */,
				01D57A5D1C524FD9008E4EB5 /* BLChainDataEventProcessor.m in Sources */,
				01D57A5E1C524FD9008E4EB5 /* BLStaticDataProviderProxy.m in Sources */,
				01D57A5F1C524FD9008E4EB5 /* BLAbstractDataProvider.m in Sources */,
				01D57A601C524FD9008E4EB5 /* BLAbstractDataProvider+Subclassing.m in Sources */,
				01D57A611C524FD9008E4EB5 /* BLChainDataProvider.m in Sources */,
				01D57A621C524FD9008E4EB5 /* BLArrayDataProvider.m in Sources */,
				01D57A631C524FD9008E4EB5 /* BLStaticArrayDataProvider.m in Sources */,
				01D57A641C524FD9008E4EB5 /* BLFilterDataProvider.m in Sources */,
				01D57A651C524FD9008E4EB5 /* BLStaticFilterDataProvider.m in Sources */,
				01D57A661C524FD9008E4EB5 /* BLDataItemFilter.m in Sources */,
				01D57A671C524FD9008E4EB5 /* BLDataEvent.m in Sources */,
				01D57A681C524FD9008E4EB5 /* BLUtils.m in Sources */,
				01D57A691C524FD9008E4EB5 /* NNSectionsDiff+BLDataDiff.m in Sources */,
				01D57A6A1C524FD9008E4EB5 /* NNArrayDiffChange+BLDataDiffIndexPathChange.m in Sources */,
				01D57A6B1C524FD9008E4EB5 /* NNSectionsDiffChange+BLDataDiffSectionChange.m in Sources */,
				01D57A6C1C524FD9008E4EB5 /* NSIndexPath+BLUtils.m in Sources */,
				01D57A6D1C524FD9008E4EB5 /* BLUITableViewReloaderEngine.m in Sources */,
				01D57A6E1C524FD9008E4EB5 /* BLUICollectionViewReloaderEngine.m in Sources */,
				01D57A6F1C524FD9008E4EB5 /* BLUIKitViewReloader.m in Sources */,
				01D57A701C524FD9008E4EB5 /* BLUITableViewAnimations.m in Sources */,
			);
			runOnlyForDeploymentPostprocessing = 0;
		};
		01D57A461C524FA9008E4EB5 /* Sources */ = {
			isa = PBXSourcesBuildPhase;
			buildActionMask = 2147483647;
			files = (
				01D57A501C524FA9008E4EB5 /* BoilerdataTests.m in Sources */,
			);
			runOnlyForDeploymentPostprocessing = 0;
		};
/* End PBXSourcesBuildPhase section */

/* Begin PBXTargetDependency section */
		01D57A4D1C524FA9008E4EB5 /* PBXTargetDependency */ = {
			isa = PBXTargetDependency;
			target = 01D57A401C524FA9008E4EB5 /* Boilerdata */;
			targetProxy = 01D57A4C1C524FA9008E4EB5 /* PBXContainerItemProxy */;
		};
/* End PBXTargetDependency section */

/* Begin XCBuildConfiguration section */
		016E58E61C3B3EA10087E63A /* Debug */ = {
			isa = XCBuildConfiguration;
			buildSettings = {
				ALWAYS_SEARCH_USER_PATHS = NO;
				CLANG_CXX_LANGUAGE_STANDARD = "gnu++0x";
				CLANG_CXX_LIBRARY = "libc++";
				CLANG_ENABLE_MODULES = YES;
				CLANG_ENABLE_OBJC_ARC = YES;
				CLANG_WARN_BOOL_CONVERSION = YES;
				CLANG_WARN_CONSTANT_CONVERSION = YES;
				CLANG_WARN_DIRECT_OBJC_ISA_USAGE = YES_ERROR;
				CLANG_WARN_EMPTY_BODY = YES;
				CLANG_WARN_ENUM_CONVERSION = YES;
				CLANG_WARN_INT_CONVERSION = YES;
				CLANG_WARN_OBJC_ROOT_CLASS = YES_ERROR;
				CLANG_WARN_UNREACHABLE_CODE = YES;
				CLANG_WARN__DUPLICATE_METHOD_MATCH = YES;
				"CODE_SIGN_IDENTITY[sdk=iphoneos*]" = "iPhone Developer";
				COPY_PHASE_STRIP = NO;
				DEBUG_INFORMATION_FORMAT = dwarf;
				ENABLE_STRICT_OBJC_MSGSEND = YES;
				ENABLE_TESTABILITY = YES;
				GCC_C_LANGUAGE_STANDARD = gnu99;
				GCC_DYNAMIC_NO_PIC = NO;
				GCC_NO_COMMON_BLOCKS = YES;
				GCC_OPTIMIZATION_LEVEL = 0;
				GCC_PREPROCESSOR_DEFINITIONS = (
					"DEBUG=1",
					"$(inherited)",
				);
				GCC_WARN_64_TO_32_BIT_CONVERSION = YES;
				GCC_WARN_ABOUT_RETURN_TYPE = YES_ERROR;
				GCC_WARN_UNDECLARED_SELECTOR = YES;
				GCC_WARN_UNINITIALIZED_AUTOS = YES_AGGRESSIVE;
				GCC_WARN_UNUSED_FUNCTION = YES;
				GCC_WARN_UNUSED_VARIABLE = YES;
				IPHONEOS_DEPLOYMENT_TARGET = 9.2;
				MTL_ENABLE_DEBUG_INFO = YES;
				ONLY_ACTIVE_ARCH = YES;
				SDKROOT = iphoneos;
			};
			name = Debug;
		};
		016E58E71C3B3EA10087E63A /* Release */ = {
			isa = XCBuildConfiguration;
			buildSettings = {
				ALWAYS_SEARCH_USER_PATHS = NO;
				CLANG_CXX_LANGUAGE_STANDARD = "gnu++0x";
				CLANG_CXX_LIBRARY = "libc++";
				CLANG_ENABLE_MODULES = YES;
				CLANG_ENABLE_OBJC_ARC = YES;
				CLANG_WARN_BOOL_CONVERSION = YES;
				CLANG_WARN_CONSTANT_CONVERSION = YES;
				CLANG_WARN_DIRECT_OBJC_ISA_USAGE = YES_ERROR;
				CLANG_WARN_EMPTY_BODY = YES;
				CLANG_WARN_ENUM_CONVERSION = YES;
				CLANG_WARN_INT_CONVERSION = YES;
				CLANG_WARN_OBJC_ROOT_CLASS = YES_ERROR;
				CLANG_WARN_UNREACHABLE_CODE = YES;
				CLANG_WARN__DUPLICATE_METHOD_MATCH = YES;
				"CODE_SIGN_IDENTITY[sdk=iphoneos*]" = "iPhone Developer";
				COPY_PHASE_STRIP = NO;
				DEBUG_INFORMATION_FORMAT = "dwarf-with-dsym";
				ENABLE_NS_ASSERTIONS = NO;
				ENABLE_STRICT_OBJC_MSGSEND = YES;
				GCC_C_LANGUAGE_STANDARD = gnu99;
				GCC_NO_COMMON_BLOCKS = YES;
				GCC_WARN_64_TO_32_BIT_CONVERSION = YES;
				GCC_WARN_ABOUT_RETURN_TYPE = YES_ERROR;
				GCC_WARN_UNDECLARED_SELECTOR = YES;
				GCC_WARN_UNINITIALIZED_AUTOS = YES_AGGRESSIVE;
				GCC_WARN_UNUSED_FUNCTION = YES;
				GCC_WARN_UNUSED_VARIABLE = YES;
				IPHONEOS_DEPLOYMENT_TARGET = 9.2;
				MTL_ENABLE_DEBUG_INFO = NO;
				SDKROOT = iphoneos;
				VALIDATE_PRODUCT = YES;
			};
			name = Release;
		};
		01D57A531C524FA9008E4EB5 /* Debug */ = {
			isa = XCBuildConfiguration;
			baseConfigurationReference = 27229336A96FC966E90569F1 /* Pods.debug.xcconfig */;
			buildSettings = {
				CURRENT_PROJECT_VERSION = 1;
				DEFINES_MODULE = YES;
				DYLIB_COMPATIBILITY_VERSION = 1;
				DYLIB_CURRENT_VERSION = 1;
				DYLIB_INSTALL_NAME_BASE = "@rpath";
				INFOPLIST_FILE = Boilerdata/Info.plist;
				INSTALL_PATH = "$(LOCAL_LIBRARY_DIR)/Frameworks";
				LD_RUNPATH_SEARCH_PATHS = "$(inherited) @executable_path/Frameworks @loader_path/Frameworks";
				PRODUCT_BUNDLE_IDENTIFIER = me.nickynick.Boilerdata;
				PRODUCT_NAME = "$(TARGET_NAME)";
				SKIP_INSTALL = YES;
				TARGETED_DEVICE_FAMILY = "1,2";
				VERSIONING_SYSTEM = "apple-generic";
				VERSION_INFO_PREFIX = "";
			};
			name = Debug;
		};
		01D57A541C524FA9008E4EB5 /* Release */ = {
			isa = XCBuildConfiguration;
			baseConfigurationReference = B8EC2E52A39642AB63DCB70F /* Pods.release.xcconfig */;
			buildSettings = {
				CURRENT_PROJECT_VERSION = 1;
				DEFINES_MODULE = YES;
				DYLIB_COMPATIBILITY_VERSION = 1;
				DYLIB_CURRENT_VERSION = 1;
				DYLIB_INSTALL_NAME_BASE = "@rpath";
				INFOPLIST_FILE = Boilerdata/Info.plist;
				INSTALL_PATH = "$(LOCAL_LIBRARY_DIR)/Frameworks";
				LD_RUNPATH_SEARCH_PATHS = "$(inherited) @executable_path/Frameworks @loader_path/Frameworks";
				PRODUCT_BUNDLE_IDENTIFIER = me.nickynick.Boilerdata;
				PRODUCT_NAME = "$(TARGET_NAME)";
				SKIP_INSTALL = YES;
				TARGETED_DEVICE_FAMILY = "1,2";
				VERSIONING_SYSTEM = "apple-generic";
				VERSION_INFO_PREFIX = "";
			};
			name = Release;
		};
		01D57A561C524FA9008E4EB5 /* Debug */ = {
			isa = XCBuildConfiguration;
			buildSettings = {
				INFOPLIST_FILE = BoilerdataTests/Info.plist;
				LD_RUNPATH_SEARCH_PATHS = "$(inherited) @executable_path/Frameworks @loader_path/Frameworks";
				PRODUCT_BUNDLE_IDENTIFIER = me.nickynick.BoilerdataTests;
				PRODUCT_NAME = "$(TARGET_NAME)";
			};
			name = Debug;
		};
		01D57A571C524FA9008E4EB5 /* Release */ = {
			isa = XCBuildConfiguration;
			buildSettings = {
				INFOPLIST_FILE = BoilerdataTests/Info.plist;
				LD_RUNPATH_SEARCH_PATHS = "$(inherited) @executable_path/Frameworks @loader_path/Frameworks";
				PRODUCT_BUNDLE_IDENTIFIER = me.nickynick.BoilerdataTests;
				PRODUCT_NAME = "$(TARGET_NAME)";
			};
			name = Release;
		};
/* End XCBuildConfiguration section */

/* Begin XCConfigurationList section */
		016E58DA1C3B3EA10087E63A /* Build configuration list for PBXProject "Boilerdata" */ = {
			isa = XCConfigurationList;
			buildConfigurations = (
				016E58E61C3B3EA10087E63A /* Debug */,
				016E58E71C3B3EA10087E63A /* Release */,
			);
			defaultConfigurationIsVisible = 0;
			defaultConfigurationName = Release;
		};
		01D57A521C524FA9008E4EB5 /* Build configuration list for PBXNativeTarget "Boilerdata" */ = {
			isa = XCConfigurationList;
			buildConfigurations = (
				01D57A531C524FA9008E4EB5 /* Debug */,
				01D57A541C524FA9008E4EB5 /* Release */,
			);
			defaultConfigurationIsVisible = 0;
			defaultConfigurationName = Release;
		};
		01D57A551C524FA9008E4EB5 /* Build configuration list for PBXNativeTarget "BoilerdataTests" */ = {
			isa = XCConfigurationList;
			buildConfigurations = (
				01D57A561C524FA9008E4EB5 /* Debug */,
				01D57A571C524FA9008E4EB5 /* Release */,
			);
			defaultConfigurationIsVisible = 0;
			defaultConfigurationName = Release;
		};
/* End XCConfigurationList section */
	};
	rootObject = 016E58D71C3B3EA10087E63A /* Project object */;
}
