// !$*UTF8*$!
{
	archiveVersion = 1;
	classes = {
	};
	objectVersion = 46;
	objects = {

/* Begin PBXBuildFile section */
		016E58E31C3B3EA10087E63A /* Boilerdata.h in CopyFiles */ = {isa = PBXBuildFile; fileRef = 016E58E21C3B3EA10087E63A /* Boilerdata.h */; };
		01DC730F1C3F097700D03CA2 /* BLDataDiffCalculator.m in Sources */ = {isa = PBXBuildFile; fileRef = 01DC72D91C3F097700D03CA2 /* BLDataDiffCalculator.m */; };
		01DC73101C3F097700D03CA2 /* BLMutableDataDiff.m in Sources */ = {isa = PBXBuildFile; fileRef = 01DC72DC1C3F097700D03CA2 /* BLMutableDataDiff.m */; };
		01DC73111C3F097700D03CA2 /* BLMutableDataDiffChange.m in Sources */ = {isa = PBXBuildFile; fileRef = 01DC72DE1C3F097700D03CA2 /* BLMutableDataDiffChange.m */; };
		01DC73121C3F097700D03CA2 /* BLDataSection.m in Sources */ = {isa = PBXBuildFile; fileRef = 01DC72E21C3F097700D03CA2 /* BLDataSection.m */; };
		01DC73131C3F097700D03CA2 /* BLAbstractDataProvider.m in Sources */ = {isa = PBXBuildFile; fileRef = 01DC72E71C3F097700D03CA2 /* BLAbstractDataProvider.m */; };
		01DC73141C3F097700D03CA2 /* BLChainDataProvider.m in Sources */ = {isa = PBXBuildFile; fileRef = 01DC72EA1C3F097700D03CA2 /* BLChainDataProvider.m */; };
		01DC73151C3F097700D03CA2 /* BLStaticDataProviderProxy.m in Sources */ = {isa = PBXBuildFile; fileRef = 01DC72ED1C3F097700D03CA2 /* BLStaticDataProviderProxy.m */; };
		01DC73161C3F097700D03CA2 /* BLChainDataEventProcessor.m in Sources */ = {isa = PBXBuildFile; fileRef = 01DC72F01C3F097700D03CA2 /* BLChainDataEventProcessor.m */; };
		01DC73171C3F097700D03CA2 /* BLNilDataEventProcessor.m in Sources */ = {isa = PBXBuildFile; fileRef = 01DC72F21C3F097700D03CA2 /* BLNilDataEventProcessor.m */; };
		01DC73181C3F097700D03CA2 /* BLArrayDataProvider.m in Sources */ = {isa = PBXBuildFile; fileRef = 01DC72F51C3F097700D03CA2 /* BLArrayDataProvider.m */; };
		01DC73191C3F097700D03CA2 /* BLStaticArrayDataProvider.m in Sources */ = {isa = PBXBuildFile; fileRef = 01DC72F71C3F097700D03CA2 /* BLStaticArrayDataProvider.m */; };
		01DC731A1C3F097700D03CA2 /* BLDataEvent.m in Sources */ = {isa = PBXBuildFile; fileRef = 01DC72F91C3F097700D03CA2 /* BLDataEvent.m */; };
		01DC731B1C3F097700D03CA2 /* BLDataItemFilter.m in Sources */ = {isa = PBXBuildFile; fileRef = 01DC72FF1C3F097700D03CA2 /* BLDataItemFilter.m */; };
		01DC731C1C3F097700D03CA2 /* BLFilterDataProvider.m in Sources */ = {isa = PBXBuildFile; fileRef = 01DC73011C3F097700D03CA2 /* BLFilterDataProvider.m */; };
		01DC731D1C3F097700D03CA2 /* BLStaticFilterDataProvider.m in Sources */ = {isa = PBXBuildFile; fileRef = 01DC73031C3F097700D03CA2 /* BLStaticFilterDataProvider.m */; };
		01DC731E1C3F097700D03CA2 /* BLUtils.m in Sources */ = {isa = PBXBuildFile; fileRef = 01DC73061C3F097700D03CA2 /* BLUtils.m */; };
		01DC731F1C3F097700D03CA2 /* NNArrayDiffChange+BLDataDiffIndexPathChange.m in Sources */ = {isa = PBXBuildFile; fileRef = 01DC730A1C3F097700D03CA2 /* NNArrayDiffChange+BLDataDiffIndexPathChange.m */; };
		01DC73201C3F097700D03CA2 /* NNSectionsDiff+BLDataDiff.m in Sources */ = {isa = PBXBuildFile; fileRef = 01DC730C1C3F097700D03CA2 /* NNSectionsDiff+BLDataDiff.m */; };
		01DC73211C3F097700D03CA2 /* NSIndexPath+BLUtils.m in Sources */ = {isa = PBXBuildFile; fileRef = 01DC730E1C3F097700D03CA2 /* NSIndexPath+BLUtils.m */; };
		C971A6287ACC2CF5BEBD2D16 /* libPods.a in Frameworks */ = {isa = PBXBuildFile; fileRef = 35D2C76DFF023523F7626A4C /* libPods.a */; };
/* End PBXBuildFile section */

/* Begin PBXCopyFilesBuildPhase section */
		016E58DD1C3B3EA10087E63A /* CopyFiles */ = {
			isa = PBXCopyFilesBuildPhase;
			buildActionMask = 2147483647;
			dstPath = "include/$(PRODUCT_NAME)";
			dstSubfolderSpec = 16;
			files = (
				016E58E31C3B3EA10087E63A /* Boilerdata.h in CopyFiles */,
			);
			runOnlyForDeploymentPostprocessing = 0;
		};
/* End PBXCopyFilesBuildPhase section */

/* Begin PBXFileReference section */
		016E58DF1C3B3EA10087E63A /* libBoilerdata.a */ = {isa = PBXFileReference; explicitFileType = archive.ar; includeInIndex = 0; path = libBoilerdata.a; sourceTree = BUILT_PRODUCTS_DIR; };
		016E58E21C3B3EA10087E63A /* Boilerdata.h */ = {isa = PBXFileReference; lastKnownFileType = sourcecode.c.h; path = Boilerdata.h; sourceTree = "<group>"; };
		01DC72D71C3F097700D03CA2 /* BLDataDiff.h */ = {isa = PBXFileReference; fileEncoding = 4; lastKnownFileType = sourcecode.c.h; path = BLDataDiff.h; sourceTree = "<group>"; };
		01DC72D81C3F097700D03CA2 /* BLDataDiffCalculator.h */ = {isa = PBXFileReference; fileEncoding = 4; lastKnownFileType = sourcecode.c.h; path = BLDataDiffCalculator.h; sourceTree = "<group>"; };
		01DC72D91C3F097700D03CA2 /* BLDataDiffCalculator.m */ = {isa = PBXFileReference; fileEncoding = 4; lastKnownFileType = sourcecode.c.objc; path = BLDataDiffCalculator.m; sourceTree = "<group>"; };
		01DC72DA1C3F097700D03CA2 /* BLDataDiffChange.h */ = {isa = PBXFileReference; fileEncoding = 4; lastKnownFileType = sourcecode.c.h; path = BLDataDiffChange.h; sourceTree = "<group>"; };
		01DC72DB1C3F097700D03CA2 /* BLMutableDataDiff.h */ = {isa = PBXFileReference; fileEncoding = 4; lastKnownFileType = sourcecode.c.h; path = BLMutableDataDiff.h; sourceTree = "<group>"; };
		01DC72DC1C3F097700D03CA2 /* BLMutableDataDiff.m */ = {isa = PBXFileReference; fileEncoding = 4; lastKnownFileType = sourcecode.c.objc; path = BLMutableDataDiff.m; sourceTree = "<group>"; };
		01DC72DD1C3F097700D03CA2 /* BLMutableDataDiffChange.h */ = {isa = PBXFileReference; fileEncoding = 4; lastKnownFileType = sourcecode.c.h; path = BLMutableDataDiffChange.h; sourceTree = "<group>"; };
		01DC72DE1C3F097700D03CA2 /* BLMutableDataDiffChange.m */ = {isa = PBXFileReference; fileEncoding = 4; lastKnownFileType = sourcecode.c.objc; path = BLMutableDataDiffChange.m; sourceTree = "<group>"; };
		01DC72E01C3F097700D03CA2 /* BLDataItem.h */ = {isa = PBXFileReference; fileEncoding = 4; lastKnownFileType = sourcecode.c.h; path = BLDataItem.h; sourceTree = "<group>"; };
		01DC72E11C3F097700D03CA2 /* BLDataSection.h */ = {isa = PBXFileReference; fileEncoding = 4; lastKnownFileType = sourcecode.c.h; path = BLDataSection.h; sourceTree = "<group>"; };
		01DC72E21C3F097700D03CA2 /* BLDataSection.m */ = {isa = PBXFileReference; fileEncoding = 4; lastKnownFileType = sourcecode.c.objc; path = BLDataSection.m; sourceTree = "<group>"; };
		01DC72E51C3F097700D03CA2 /* BLAbstractDataProvider+Subclassing.h */ = {isa = PBXFileReference; fileEncoding = 4; lastKnownFileType = sourcecode.c.h; path = "BLAbstractDataProvider+Subclassing.h"; sourceTree = "<group>"; };
		01DC72E61C3F097700D03CA2 /* BLAbstractDataProvider.h */ = {isa = PBXFileReference; fileEncoding = 4; lastKnownFileType = sourcecode.c.h; path = BLAbstractDataProvider.h; sourceTree = "<group>"; };
		01DC72E71C3F097700D03CA2 /* BLAbstractDataProvider.m */ = {isa = PBXFileReference; fileEncoding = 4; lastKnownFileType = sourcecode.c.objc; path = BLAbstractDataProvider.m; sourceTree = "<group>"; };
		01DC72E81C3F097700D03CA2 /* BLChainDataProvider+Subclassing.h */ = {isa = PBXFileReference; fileEncoding = 4; lastKnownFileType = sourcecode.c.h; path = "BLChainDataProvider+Subclassing.h"; sourceTree = "<group>"; };
		01DC72E91C3F097700D03CA2 /* BLChainDataProvider.h */ = {isa = PBXFileReference; fileEncoding = 4; lastKnownFileType = sourcecode.c.h; path = BLChainDataProvider.h; sourceTree = "<group>"; };
		01DC72EA1C3F097700D03CA2 /* BLChainDataProvider.m */ = {isa = PBXFileReference; fileEncoding = 4; lastKnownFileType = sourcecode.c.objc; path = BLChainDataProvider.m; sourceTree = "<group>"; };
		01DC72EB1C3F097700D03CA2 /* BLStaticDataProviderProxy+Subclassing.h */ = {isa = PBXFileReference; fileEncoding = 4; lastKnownFileType = sourcecode.c.h; path = "BLStaticDataProviderProxy+Subclassing.h"; sourceTree = "<group>"; };
		01DC72EC1C3F097700D03CA2 /* BLStaticDataProviderProxy.h */ = {isa = PBXFileReference; fileEncoding = 4; lastKnownFileType = sourcecode.c.h; path = BLStaticDataProviderProxy.h; sourceTree = "<group>"; };
		01DC72ED1C3F097700D03CA2 /* BLStaticDataProviderProxy.m */ = {isa = PBXFileReference; fileEncoding = 4; lastKnownFileType = sourcecode.c.objc; path = BLStaticDataProviderProxy.m; sourceTree = "<group>"; };
		01DC72EF1C3F097700D03CA2 /* BLChainDataEventProcessor.h */ = {isa = PBXFileReference; fileEncoding = 4; lastKnownFileType = sourcecode.c.h; path = BLChainDataEventProcessor.h; sourceTree = "<group>"; };
		01DC72F01C3F097700D03CA2 /* BLChainDataEventProcessor.m */ = {isa = PBXFileReference; fileEncoding = 4; lastKnownFileType = sourcecode.c.objc; path = BLChainDataEventProcessor.m; sourceTree = "<group>"; };
		01DC72F11C3F097700D03CA2 /* BLNilDataEventProcessor.h */ = {isa = PBXFileReference; fileEncoding = 4; lastKnownFileType = sourcecode.c.h; path = BLNilDataEventProcessor.h; sourceTree = "<group>"; };
		01DC72F21C3F097700D03CA2 /* BLNilDataEventProcessor.m */ = {isa = PBXFileReference; fileEncoding = 4; lastKnownFileType = sourcecode.c.objc; path = BLNilDataEventProcessor.m; sourceTree = "<group>"; };
		01DC72F41C3F097700D03CA2 /* BLArrayDataProvider.h */ = {isa = PBXFileReference; fileEncoding = 4; lastKnownFileType = sourcecode.c.h; path = BLArrayDataProvider.h; sourceTree = "<group>"; };
		01DC72F51C3F097700D03CA2 /* BLArrayDataProvider.m */ = {isa = PBXFileReference; fileEncoding = 4; lastKnownFileType = sourcecode.c.objc; path = BLArrayDataProvider.m; sourceTree = "<group>"; };
		01DC72F61C3F097700D03CA2 /* BLStaticArrayDataProvider.h */ = {isa = PBXFileReference; fileEncoding = 4; lastKnownFileType = sourcecode.c.h; path = BLStaticArrayDataProvider.h; sourceTree = "<group>"; };
		01DC72F71C3F097700D03CA2 /* BLStaticArrayDataProvider.m */ = {isa = PBXFileReference; fileEncoding = 4; lastKnownFileType = sourcecode.c.objc; path = BLStaticArrayDataProvider.m; sourceTree = "<group>"; };
		01DC72F81C3F097700D03CA2 /* BLDataEvent.h */ = {isa = PBXFileReference; fileEncoding = 4; lastKnownFileType = sourcecode.c.h; path = BLDataEvent.h; sourceTree = "<group>"; };
		01DC72F91C3F097700D03CA2 /* BLDataEvent.m */ = {isa = PBXFileReference; fileEncoding = 4; lastKnownFileType = sourcecode.c.objc; path = BLDataEvent.m; sourceTree = "<group>"; };
		01DC72FA1C3F097700D03CA2 /* BLDataEventProcessor.h */ = {isa = PBXFileReference; fileEncoding = 4; lastKnownFileType = sourcecode.c.h; path = BLDataEventProcessor.h; sourceTree = "<group>"; };
		01DC72FB1C3F097700D03CA2 /* BLDataObserver.h */ = {isa = PBXFileReference; fileEncoding = 4; lastKnownFileType = sourcecode.c.h; path = BLDataObserver.h; sourceTree = "<group>"; };
		01DC72FC1C3F097700D03CA2 /* BLDataProvider.h */ = {isa = PBXFileReference; fileEncoding = 4; lastKnownFileType = sourcecode.c.h; path = BLDataProvider.h; sourceTree = "<group>"; };
		01DC72FE1C3F097700D03CA2 /* BLDataItemFilter.h */ = {isa = PBXFileReference; fileEncoding = 4; lastKnownFileType = sourcecode.c.h; path = BLDataItemFilter.h; sourceTree = "<group>"; };
		01DC72FF1C3F097700D03CA2 /* BLDataItemFilter.m */ = {isa = PBXFileReference; fileEncoding = 4; lastKnownFileType = sourcecode.c.objc; path = BLDataItemFilter.m; sourceTree = "<group>"; };
		01DC73001C3F097700D03CA2 /* BLFilterDataProvider.h */ = {isa = PBXFileReference; fileEncoding = 4; lastKnownFileType = sourcecode.c.h; path = BLFilterDataProvider.h; sourceTree = "<group>"; };
		01DC73011C3F097700D03CA2 /* BLFilterDataProvider.m */ = {isa = PBXFileReference; fileEncoding = 4; lastKnownFileType = sourcecode.c.objc; path = BLFilterDataProvider.m; sourceTree = "<group>"; };
		01DC73021C3F097700D03CA2 /* BLStaticFilterDataProvider.h */ = {isa = PBXFileReference; fileEncoding = 4; lastKnownFileType = sourcecode.c.h; path = BLStaticFilterDataProvider.h; sourceTree = "<group>"; };
		01DC73031C3F097700D03CA2 /* BLStaticFilterDataProvider.m */ = {isa = PBXFileReference; fileEncoding = 4; lastKnownFileType = sourcecode.c.objc; path = BLStaticFilterDataProvider.m; sourceTree = "<group>"; };
		01DC73051C3F097700D03CA2 /* BLUtils.h */ = {isa = PBXFileReference; fileEncoding = 4; lastKnownFileType = sourcecode.c.h; path = BLUtils.h; sourceTree = "<group>"; };
		01DC73061C3F097700D03CA2 /* BLUtils.m */ = {isa = PBXFileReference; fileEncoding = 4; lastKnownFileType = sourcecode.c.objc; path = BLUtils.m; sourceTree = "<group>"; };
		01DC73091C3F097700D03CA2 /* NNArrayDiffChange+BLDataDiffIndexPathChange.h */ = {isa = PBXFileReference; fileEncoding = 4; lastKnownFileType = sourcecode.c.h; path = "NNArrayDiffChange+BLDataDiffIndexPathChange.h"; sourceTree = "<group>"; };
		01DC730A1C3F097700D03CA2 /* NNArrayDiffChange+BLDataDiffIndexPathChange.m */ = {isa = PBXFileReference; fileEncoding = 4; lastKnownFileType = sourcecode.c.objc; path = "NNArrayDiffChange+BLDataDiffIndexPathChange.m"; sourceTree = "<group>"; };
		01DC730B1C3F097700D03CA2 /* NNSectionsDiff+BLDataDiff.h */ = {isa = PBXFileReference; fileEncoding = 4; lastKnownFileType = sourcecode.c.h; path = "NNSectionsDiff+BLDataDiff.h"; sourceTree = "<group>"; };
		01DC730C1C3F097700D03CA2 /* NNSectionsDiff+BLDataDiff.m */ = {isa = PBXFileReference; fileEncoding = 4; lastKnownFileType = sourcecode.c.objc; path = "NNSectionsDiff+BLDataDiff.m"; sourceTree = "<group>"; };
		01DC730D1C3F097700D03CA2 /* NSIndexPath+BLUtils.h */ = {isa = PBXFileReference; fileEncoding = 4; lastKnownFileType = sourcecode.c.h; path = "NSIndexPath+BLUtils.h"; sourceTree = "<group>"; };
		01DC730E1C3F097700D03CA2 /* NSIndexPath+BLUtils.m */ = {isa = PBXFileReference; fileEncoding = 4; lastKnownFileType = sourcecode.c.objc; path = "NSIndexPath+BLUtils.m"; sourceTree = "<group>"; };
		27229336A96FC966E90569F1 /* Pods.debug.xcconfig */ = {isa = PBXFileReference; includeInIndex = 1; lastKnownFileType = text.xcconfig; name = Pods.debug.xcconfig; path = "Pods/Target Support Files/Pods/Pods.debug.xcconfig"; sourceTree = "<group>"; };
		35D2C76DFF023523F7626A4C /* libPods.a */ = {isa = PBXFileReference; explicitFileType = archive.ar; includeInIndex = 0; path = libPods.a; sourceTree = BUILT_PRODUCTS_DIR; };
		B8EC2E52A39642AB63DCB70F /* Pods.release.xcconfig */ = {isa = PBXFileReference; includeInIndex = 1; lastKnownFileType = text.xcconfig; name = Pods.release.xcconfig; path = "Pods/Target Support Files/Pods/Pods.release.xcconfig"; sourceTree = "<group>"; };
/* End PBXFileReference section */

/* Begin PBXFrameworksBuildPhase section */
		016E58DC1C3B3EA10087E63A /* Frameworks */ = {
			isa = PBXFrameworksBuildPhase;
			buildActionMask = 2147483647;
			files = (
				C971A6287ACC2CF5BEBD2D16 /* libPods.a in Frameworks */,
			);
			runOnlyForDeploymentPostprocessing = 0;
		};
/* End PBXFrameworksBuildPhase section */

/* Begin PBXGroup section */
		016E58D61C3B3EA10087E63A = {
			isa = PBXGroup;
			children = (
				016E58E11C3B3EA10087E63A /* Boilerdata */,
				016E58E01C3B3EA10087E63A /* Products */,
				8CC07F72C0EDEC80F50278CA /* Pods */,
				9DD83E9B8B813BCD376E2AB3 /* Frameworks */,
			);
			sourceTree = "<group>";
		};
		016E58E01C3B3EA10087E63A /* Products */ = {
			isa = PBXGroup;
			children = (
				016E58DF1C3B3EA10087E63A /* libBoilerdata.a */,
			);
			name = Products;
			sourceTree = "<group>";
		};
		016E58E11C3B3EA10087E63A /* Boilerdata */ = {
			isa = PBXGroup;
			children = (
				01DC72D51C3F097700D03CA2 /* Core */,
				01DC72D31C3F093700D03CA2 /* UIKit */,
				016E58E21C3B3EA10087E63A /* Boilerdata.h */,
			);
			path = Boilerdata;
			sourceTree = "<group>";
		};
		01DC72D31C3F093700D03CA2 /* UIKit */ = {
			isa = PBXGroup;
			children = (
				01DC72D41C3F093700D03CA2 /* Event Processors */,
			);
			path = UIKit;
			sourceTree = "<group>";
		};
		01DC72D41C3F093700D03CA2 /* Event Processors */ = {
			isa = PBXGroup;
			children = (
			);
			path = "Event Processors";
			sourceTree = "<group>";
		};
		01DC72D51C3F097700D03CA2 /* Core */ = {
			isa = PBXGroup;
			children = (
				01DC72DF1C3F097700D03CA2 /* Data Item */,
				01DC72D61C3F097700D03CA2 /* Data Diff */,
				01DC72E31C3F097700D03CA2 /* Data Providers */,
				01DC73041C3F097700D03CA2 /* Goodies */,
				01DC73071C3F097700D03CA2 /* Internal */,
			);
			path = Core;
			sourceTree = "<group>";
		};
		01DC72D61C3F097700D03CA2 /* Data Diff */ = {
			isa = PBXGroup;
			children = (
				01DC72D71C3F097700D03CA2 /* BLDataDiff.h */,
				01DC72DA1C3F097700D03CA2 /* BLDataDiffChange.h */,
				01DC72DB1C3F097700D03CA2 /* BLMutableDataDiff.h */,
				01DC72DC1C3F097700D03CA2 /* BLMutableDataDiff.m */,
				01DC72DD1C3F097700D03CA2 /* BLMutableDataDiffChange.h */,
				01DC72DE1C3F097700D03CA2 /* BLMutableDataDiffChange.m */,
				01DC72D81C3F097700D03CA2 /* BLDataDiffCalculator.h */,
				01DC72D91C3F097700D03CA2 /* BLDataDiffCalculator.m */,
			);
			path = "Data Diff";
			sourceTree = "<group>";
		};
		01DC72DF1C3F097700D03CA2 /* Data Item */ = {
			isa = PBXGroup;
			children = (
				01DC72E01C3F097700D03CA2 /* BLDataItem.h */,
				01DC72E11C3F097700D03CA2 /* BLDataSection.h */,
				01DC72E21C3F097700D03CA2 /* BLDataSection.m */,
			);
			path = "Data Item";
			sourceTree = "<group>";
		};
		01DC72E31C3F097700D03CA2 /* Data Providers */ = {
			isa = PBXGroup;
			children = (
				01DC72E41C3F097700D03CA2 /* Abstract */,
				01DC72F31C3F097700D03CA2 /* Array */,
				01DC72FD1C3F097700D03CA2 /* Filter */,
				01DC72FC1C3F097700D03CA2 /* BLDataProvider.h */,
				01DC72FB1C3F097700D03CA2 /* BLDataObserver.h */,
				01DC72F81C3F097700D03CA2 /* BLDataEvent.h */,
				01DC72F91C3F097700D03CA2 /* BLDataEvent.m */,
				01DC72FA1C3F097700D03CA2 /* BLDataEventProcessor.h */,
			);
			path = "Data Providers";
			sourceTree = "<group>";
		};
		01DC72E41C3F097700D03CA2 /* Abstract */ = {
			isa = PBXGroup;
			children = (
				01DC72EE1C3F097700D03CA2 /* Processors */,
				01DC72EC1C3F097700D03CA2 /* BLStaticDataProviderProxy.h */,
				01DC72ED1C3F097700D03CA2 /* BLStaticDataProviderProxy.m */,
				01DC72EB1C3F097700D03CA2 /* BLStaticDataProviderProxy+Subclassing.h */,
				01DC72E61C3F097700D03CA2 /* BLAbstractDataProvider.h */,
				01DC72E71C3F097700D03CA2 /* BLAbstractDataProvider.m */,
				01DC72E51C3F097700D03CA2 /* BLAbstractDataProvider+Subclassing.h */,
				01DC72E91C3F097700D03CA2 /* BLChainDataProvider.h */,
				01DC72EA1C3F097700D03CA2 /* BLChainDataProvider.m */,
				01DC72E81C3F097700D03CA2 /* BLChainDataProvider+Subclassing.h */,
			);
			path = Abstract;
			sourceTree = "<group>";
		};
		01DC72EE1C3F097700D03CA2 /* Processors */ = {
			isa = PBXGroup;
			children = (
				01DC72F11C3F097700D03CA2 /* BLNilDataEventProcessor.h */,
				01DC72F21C3F097700D03CA2 /* BLNilDataEventProcessor.m */,
				01DC72EF1C3F097700D03CA2 /* BLChainDataEventProcessor.h */,
				01DC72F01C3F097700D03CA2 /* BLChainDataEventProcessor.m */,
			);
			path = Processors;
			sourceTree = "<group>";
		};
		01DC72F31C3F097700D03CA2 /* Array */ = {
			isa = PBXGroup;
			children = (
				01DC72F41C3F097700D03CA2 /* BLArrayDataProvider.h */,
				01DC72F51C3F097700D03CA2 /* BLArrayDataProvider.m */,
				01DC72F61C3F097700D03CA2 /* BLStaticArrayDataProvider.h */,
				01DC72F71C3F097700D03CA2 /* BLStaticArrayDataProvider.m */,
			);
			path = Array;
			sourceTree = "<group>";
		};
		01DC72FD1C3F097700D03CA2 /* Filter */ = {
			isa = PBXGroup;
			children = (
				01DC73001C3F097700D03CA2 /* BLFilterDataProvider.h */,
				01DC73011C3F097700D03CA2 /* BLFilterDataProvider.m */,
				01DC73021C3F097700D03CA2 /* BLStaticFilterDataProvider.h */,
				01DC73031C3F097700D03CA2 /* BLStaticFilterDataProvider.m */,
				01DC72FE1C3F097700D03CA2 /* BLDataItemFilter.h */,
				01DC72FF1C3F097700D03CA2 /* BLDataItemFilter.m */,
			);
			path = Filter;
			sourceTree = "<group>";
		};
		01DC73041C3F097700D03CA2 /* Goodies */ = {
			isa = PBXGroup;
			children = (
				01DC73051C3F097700D03CA2 /* BLUtils.h */,
				01DC73061C3F097700D03CA2 /* BLUtils.m */,
			);
			path = Goodies;
			sourceTree = "<group>";
		};
		01DC73071C3F097700D03CA2 /* Internal */ = {
			isa = PBXGroup;
			children = (
				01DC73081C3F097700D03CA2 /* ArrayDiff */,
				01DC730D1C3F097700D03CA2 /* NSIndexPath+BLUtils.h */,
				01DC730E1C3F097700D03CA2 /* NSIndexPath+BLUtils.m */,
			);
			path = Internal;
			sourceTree = "<group>";
		};
		01DC73081C3F097700D03CA2 /* ArrayDiff */ = {
			isa = PBXGroup;
			children = (
				01DC730B1C3F097700D03CA2 /* NNSectionsDiff+BLDataDiff.h */,
				01DC730C1C3F097700D03CA2 /* NNSectionsDiff+BLDataDiff.m */,
				01DC73091C3F097700D03CA2 /* NNArrayDiffChange+BLDataDiffIndexPathChange.h */,
				01DC730A1C3F097700D03CA2 /* NNArrayDiffChange+BLDataDiffIndexPathChange.m */,
			);
			path = ArrayDiff;
			sourceTree = "<group>";
		};
		8CC07F72C0EDEC80F50278CA /* Pods */ = {
			isa = PBXGroup;
			children = (
				27229336A96FC966E90569F1 /* Pods.debug.xcconfig */,
				B8EC2E52A39642AB63DCB70F /* Pods.release.xcconfig */,
			);
			name = Pods;
			sourceTree = "<group>";
		};
		9DD83E9B8B813BCD376E2AB3 /* Frameworks */ = {
			isa = PBXGroup;
			children = (
				35D2C76DFF023523F7626A4C /* libPods.a */,
			);
			name = Frameworks;
			sourceTree = "<group>";
		};
/* End PBXGroup section */

/* Begin PBXNativeTarget section */
		016E58DE1C3B3EA10087E63A /* Boilerdata */ = {
			isa = PBXNativeTarget;
			buildConfigurationList = 016E58E81C3B3EA10087E63A /* Build configuration list for PBXNativeTarget "Boilerdata" */;
			buildPhases = (
				B3190D1472171C8442BAD37B /* Check Pods Manifest.lock */,
				016E58DB1C3B3EA10087E63A /* Sources */,
				016E58DC1C3B3EA10087E63A /* Frameworks */,
				016E58DD1C3B3EA10087E63A /* CopyFiles */,
				51CD63464A4E02168F84613D /* Copy Pods Resources */,
			);
			buildRules = (
			);
			dependencies = (
			);
			name = Boilerdata;
			productName = Boilerdata;
			productReference = 016E58DF1C3B3EA10087E63A /* libBoilerdata.a */;
			productType = "com.apple.product-type.library.static";
		};
/* End PBXNativeTarget section */

/* Begin PBXProject section */
		016E58D71C3B3EA10087E63A /* Project object */ = {
			isa = PBXProject;
			attributes = {
				CLASSPREFIX = BL;
				LastUpgradeCheck = 0720;
				ORGANIZATIONNAME = Pixty;
				TargetAttributes = {
					016E58DE1C3B3EA10087E63A = {
						CreatedOnToolsVersion = 7.2;
					};
				};
			};
			buildConfigurationList = 016E58DA1C3B3EA10087E63A /* Build configuration list for PBXProject "Boilerdata" */;
			compatibilityVersion = "Xcode 3.2";
			developmentRegion = English;
			hasScannedForEncodings = 0;
			knownRegions = (
				en,
			);
			mainGroup = 016E58D61C3B3EA10087E63A;
			productRefGroup = 016E58E01C3B3EA10087E63A /* Products */;
			projectDirPath = "";
			projectRoot = "";
			targets = (
				016E58DE1C3B3EA10087E63A /* Boilerdata */,
			);
		};
/* End PBXProject section */

/* Begin PBXShellScriptBuildPhase section */
		51CD63464A4E02168F84613D /* Copy Pods Resources */ = {
			isa = PBXShellScriptBuildPhase;
			buildActionMask = 2147483647;
			files = (
			);
			inputPaths = (
			);
			name = "Copy Pods Resources";
			outputPaths = (
			);
			runOnlyForDeploymentPostprocessing = 0;
			shellPath = /bin/sh;
			shellScript = "\"${SRCROOT}/Pods/Target Support Files/Pods/Pods-resources.sh\"\n";
			showEnvVarsInLog = 0;
		};
		B3190D1472171C8442BAD37B /* Check Pods Manifest.lock */ = {
			isa = PBXShellScriptBuildPhase;
			buildActionMask = 2147483647;
			files = (
			);
			inputPaths = (
			);
			name = "Check Pods Manifest.lock";
			outputPaths = (
			);
			runOnlyForDeploymentPostprocessing = 0;
			shellPath = /bin/sh;
			shellScript = "diff \"${PODS_ROOT}/../Podfile.lock\" \"${PODS_ROOT}/Manifest.lock\" > /dev/null\nif [[ $? != 0 ]] ; then\n    cat << EOM\nerror: The sandbox is not in sync with the Podfile.lock. Run 'pod install' or update your CocoaPods installation.\nEOM\n    exit 1\nfi\n";
			showEnvVarsInLog = 0;
		};
/* End PBXShellScriptBuildPhase section */

/* Begin PBXSourcesBuildPhase section */
		016E58DB1C3B3EA10087E63A /* Sources */ = {
			isa = PBXSourcesBuildPhase;
			buildActionMask = 2147483647;
			files = (
				01DC730F1C3F097700D03CA2 /* BLDataDiffCalculator.m in Sources */,
				01DC731D1C3F097700D03CA2 /* BLStaticFilterDataProvider.m in Sources */,
				01DC73131C3F097700D03CA2 /* BLAbstractDataProvider.m in Sources */,
				01DC731E1C3F097700D03CA2 /* BLUtils.m in Sources */,
				01DC731F1C3F097700D03CA2 /* NNArrayDiffChange+BLDataDiffIndexPathChange.m in Sources */,
				01DC731C1C3F097700D03CA2 /* BLFilterDataProvider.m in Sources */,
				01DC73191C3F097700D03CA2 /* BLStaticArrayDataProvider.m in Sources */,
				01DC73181C3F097700D03CA2 /* BLArrayDataProvider.m in Sources */,
				01DC73111C3F097700D03CA2 /* BLMutableDataDiffChange.m in Sources */,
				01DC73161C3F097700D03CA2 /* BLChainDataEventProcessor.m in Sources */,
				01DC73101C3F097700D03CA2 /* BLMutableDataDiff.m in Sources */,
				01DC73201C3F097700D03CA2 /* NNSectionsDiff+BLDataDiff.m in Sources */,
				01DC73211C3F097700D03CA2 /* NSIndexPath+BLUtils.m in Sources */,
				01DC73141C3F097700D03CA2 /* BLChainDataProvider.m in Sources */,
				01DC73121C3F097700D03CA2 /* BLDataSection.m in Sources */,
				01DC73151C3F097700D03CA2 /* BLStaticDataProviderProxy.m in Sources */,
				01DC731B1C3F097700D03CA2 /* BLDataItemFilter.m in Sources */,
				01DC731A1C3F097700D03CA2 /* BLDataEvent.m in Sources */,
				01DC73171C3F097700D03CA2 /* BLNilDataEventProcessor.m in Sources */,
			);
			runOnlyForDeploymentPostprocessing = 0;
		};
/* End PBXSourcesBuildPhase section */

/* Begin XCBuildConfiguration section */
		016E58E61C3B3EA10087E63A /* Debug */ = {
			isa = XCBuildConfiguration;
			buildSettings = {
				ALWAYS_SEARCH_USER_PATHS = NO;
				CLANG_CXX_LANGUAGE_STANDARD = "gnu++0x";
				CLANG_CXX_LIBRARY = "libc++";
				CLANG_ENABLE_MODULES = YES;
				CLANG_ENABLE_OBJC_ARC = YES;
				CLANG_WARN_BOOL_CONVERSION = YES;
				CLANG_WARN_CONSTANT_CONVERSION = YES;
				CLANG_WARN_DIRECT_OBJC_ISA_USAGE = YES_ERROR;
				CLANG_WARN_EMPTY_BODY = YES;
				CLANG_WARN_ENUM_CONVERSION = YES;
				CLANG_WARN_INT_CONVERSION = YES;
				CLANG_WARN_OBJC_ROOT_CLASS = YES_ERROR;
				CLANG_WARN_UNREACHABLE_CODE = YES;
				CLANG_WARN__DUPLICATE_METHOD_MATCH = YES;
				"CODE_SIGN_IDENTITY[sdk=iphoneos*]" = "iPhone Developer";
				COPY_PHASE_STRIP = NO;
				DEBUG_INFORMATION_FORMAT = dwarf;
				ENABLE_STRICT_OBJC_MSGSEND = YES;
				ENABLE_TESTABILITY = YES;
				GCC_C_LANGUAGE_STANDARD = gnu99;
				GCC_DYNAMIC_NO_PIC = NO;
				GCC_NO_COMMON_BLOCKS = YES;
				GCC_OPTIMIZATION_LEVEL = 0;
				GCC_PREPROCESSOR_DEFINITIONS = (
					"DEBUG=1",
					"$(inherited)",
				);
				GCC_WARN_64_TO_32_BIT_CONVERSION = YES;
				GCC_WARN_ABOUT_RETURN_TYPE = YES_ERROR;
				GCC_WARN_UNDECLARED_SELECTOR = YES;
				GCC_WARN_UNINITIALIZED_AUTOS = YES_AGGRESSIVE;
				GCC_WARN_UNUSED_FUNCTION = YES;
				GCC_WARN_UNUSED_VARIABLE = YES;
				IPHONEOS_DEPLOYMENT_TARGET = 9.2;
				MTL_ENABLE_DEBUG_INFO = YES;
				ONLY_ACTIVE_ARCH = YES;
				SDKROOT = iphoneos;
			};
			name = Debug;
		};
		016E58E71C3B3EA10087E63A /* Release */ = {
			isa = XCBuildConfiguration;
			buildSettings = {
				ALWAYS_SEARCH_USER_PATHS = NO;
				CLANG_CXX_LANGUAGE_STANDARD = "gnu++0x";
				CLANG_CXX_LIBRARY = "libc++";
				CLANG_ENABLE_MODULES = YES;
				CLANG_ENABLE_OBJC_ARC = YES;
				CLANG_WARN_BOOL_CONVERSION = YES;
				CLANG_WARN_CONSTANT_CONVERSION = YES;
				CLANG_WARN_DIRECT_OBJC_ISA_USAGE = YES_ERROR;
				CLANG_WARN_EMPTY_BODY = YES;
				CLANG_WARN_ENUM_CONVERSION = YES;
				CLANG_WARN_INT_CONVERSION = YES;
				CLANG_WARN_OBJC_ROOT_CLASS = YES_ERROR;
				CLANG_WARN_UNREACHABLE_CODE = YES;
				CLANG_WARN__DUPLICATE_METHOD_MATCH = YES;
				"CODE_SIGN_IDENTITY[sdk=iphoneos*]" = "iPhone Developer";
				COPY_PHASE_STRIP = NO;
				DEBUG_INFORMATION_FORMAT = "dwarf-with-dsym";
				ENABLE_NS_ASSERTIONS = NO;
				ENABLE_STRICT_OBJC_MSGSEND = YES;
				GCC_C_LANGUAGE_STANDARD = gnu99;
				GCC_NO_COMMON_BLOCKS = YES;
				GCC_WARN_64_TO_32_BIT_CONVERSION = YES;
				GCC_WARN_ABOUT_RETURN_TYPE = YES_ERROR;
				GCC_WARN_UNDECLARED_SELECTOR = YES;
				GCC_WARN_UNINITIALIZED_AUTOS = YES_AGGRESSIVE;
				GCC_WARN_UNUSED_FUNCTION = YES;
				GCC_WARN_UNUSED_VARIABLE = YES;
				IPHONEOS_DEPLOYMENT_TARGET = 9.2;
				MTL_ENABLE_DEBUG_INFO = NO;
				SDKROOT = iphoneos;
				VALIDATE_PRODUCT = YES;
			};
			name = Release;
		};
		016E58E91C3B3EA10087E63A /* Debug */ = {
			isa = XCBuildConfiguration;
			baseConfigurationReference = 27229336A96FC966E90569F1 /* Pods.debug.xcconfig */;
			buildSettings = {
				PRODUCT_NAME = "$(TARGET_NAME)";
				SKIP_INSTALL = YES;
			};
			name = Debug;
		};
		016E58EA1C3B3EA10087E63A /* Release */ = {
			isa = XCBuildConfiguration;
			baseConfigurationReference = B8EC2E52A39642AB63DCB70F /* Pods.release.xcconfig */;
			buildSettings = {
				PRODUCT_NAME = "$(TARGET_NAME)";
				SKIP_INSTALL = YES;
			};
			name = Release;
		};
/* End XCBuildConfiguration section */

/* Begin XCConfigurationList section */
		016E58DA1C3B3EA10087E63A /* Build configuration list for PBXProject "Boilerdata" */ = {
			isa = XCConfigurationList;
			buildConfigurations = (
				016E58E61C3B3EA10087E63A /* Debug */,
				016E58E71C3B3EA10087E63A /* Release */,
			);
			defaultConfigurationIsVisible = 0;
			defaultConfigurationName = Release;
		};
		016E58E81C3B3EA10087E63A /* Build configuration list for PBXNativeTarget "Boilerdata" */ = {
			isa = XCConfigurationList;
			buildConfigurations = (
				016E58E91C3B3EA10087E63A /* Debug */,
				016E58EA1C3B3EA10087E63A /* Release */,
			);
			defaultConfigurationIsVisible = 0;
			defaultConfigurationName = Release;
		};
/* End XCConfigurationList section */
	};
	rootObject = 016E58D71C3B3EA10087E63A /* Project object */;
}
